// !$*UTF8*$!
{
	archiveVersion = 1;
	classes = {
	};
	objectVersion = 46;
	objects = {

/* Begin PBXBuildFile section */
		212F51801D40AD3B001CBA91 /* main.m in Sources */ = {isa = PBXBuildFile; fileRef = 212F517F1D40AD3B001CBA91 /* main.m */; };
		212F51831D40AD3B001CBA91 /* AppDelegate.m in Sources */ = {isa = PBXBuildFile; fileRef = 212F51821D40AD3B001CBA91 /* AppDelegate.m */; };
		212F518B1D40AD3B001CBA91 /* Assets.xcassets in Resources */ = {isa = PBXBuildFile; fileRef = 212F518A1D40AD3B001CBA91 /* Assets.xcassets */; };
		212F518E1D40AD3B001CBA91 /* LaunchScreen.storyboard in Resources */ = {isa = PBXBuildFile; fileRef = 212F518C1D40AD3B001CBA91 /* LaunchScreen.storyboard */; };
		212F51991D40AD3B001CBA91 /* BWImageUtilityTests.m in Sources */ = {isa = PBXBuildFile; fileRef = 212F51981D40AD3B001CBA91 /* BWImageUtilityTests.m */; };
		212F51A41D40AD3B001CBA91 /* BWImageUtilityUITests.m in Sources */ = {isa = PBXBuildFile; fileRef = 212F51A31D40AD3B001CBA91 /* BWImageUtilityUITests.m */; };
		B43C277A1D41A68200CC33A1 /* BWHomeViewController.m in Sources */ = {isa = PBXBuildFile; fileRef = B43C27791D41A68200CC33A1 /* BWHomeViewController.m */; };
		B43C27801D41A6A000CC33A1 /* BWAlbumViewController.m in Sources */ = {isa = PBXBuildFile; fileRef = B43C277F1D41A6A000CC33A1 /* BWAlbumViewController.m */; };
		B43C27851D41B37F00CC33A1 /* show_landscape@2x.png in Resources */ = {isa = PBXBuildFile; fileRef = B43C27831D41B37F00CC33A1 /* show_landscape@2x.png */; };
		B43C27861D41B37F00CC33A1 /* show_portrait@2x.png in Resources */ = {isa = PBXBuildFile; fileRef = B43C27841D41B37F00CC33A1 /* show_portrait@2x.png */; };
		B43C278D1D41BB1400CC33A1 /* BWPreviewImageViewController.m in Sources */ = {isa = PBXBuildFile; fileRef = B43C27891D41BB1400CC33A1 /* BWPreviewImageViewController.m */; };
		B43C278E1D41BB1400CC33A1 /* BMZoomingImageView.m in Sources */ = {isa = PBXBuildFile; fileRef = B43C278C1D41BB1400CC33A1 /* BMZoomingImageView.m */; };
		B43C27911D41BD4E00CC33A1 /* BWPreviewImageManager.m in Sources */ = {isa = PBXBuildFile; fileRef = B43C27901D41BD4E00CC33A1 /* BWPreviewImageManager.m */; };
		C6B34B25118F0EE73FB888A7 /* libPods-BWImageUtility.a in Frameworks */ = {isa = PBXBuildFile; fileRef = B415BF0F31D11D1D4879FC1D /* libPods-BWImageUtility.a */; };
/* End PBXBuildFile section */

/* Begin PBXContainerItemProxy section */
		212F51951D40AD3B001CBA91 /* PBXContainerItemProxy */ = {
			isa = PBXContainerItemProxy;
			containerPortal = 212F51731D40AD3B001CBA91 /* Project object */;
			proxyType = 1;
			remoteGlobalIDString = 212F517A1D40AD3B001CBA91;
			remoteInfo = BWImageUtility;
		};
		212F51A01D40AD3B001CBA91 /* PBXContainerItemProxy */ = {
			isa = PBXContainerItemProxy;
			containerPortal = 212F51731D40AD3B001CBA91 /* Project object */;
			proxyType = 1;
			remoteGlobalIDString = 212F517A1D40AD3B001CBA91;
			remoteInfo = BWImageUtility;
		};
/* End PBXContainerItemProxy section */

/* Begin PBXFileReference section */
		212F517B1D40AD3B001CBA91 /* BWImageUtility.app */ = {isa = PBXFileReference; explicitFileType = wrapper.application; includeInIndex = 0; path = BWImageUtility.app; sourceTree = BUILT_PRODUCTS_DIR; };
		212F517F1D40AD3B001CBA91 /* main.m */ = {isa = PBXFileReference; lastKnownFileType = sourcecode.c.objc; path = main.m; sourceTree = "<group>"; };
		212F51811D40AD3B001CBA91 /* AppDelegate.h */ = {isa = PBXFileReference; lastKnownFileType = sourcecode.c.h; path = AppDelegate.h; sourceTree = "<group>"; };
		212F51821D40AD3B001CBA91 /* AppDelegate.m */ = {isa = PBXFileReference; lastKnownFileType = sourcecode.c.objc; path = AppDelegate.m; sourceTree = "<group>"; };
		212F518A1D40AD3B001CBA91 /* Assets.xcassets */ = {isa = PBXFileReference; lastKnownFileType = folder.assetcatalog; path = Assets.xcassets; sourceTree = "<group>"; };
		212F518D1D40AD3B001CBA91 /* Base */ = {isa = PBXFileReference; lastKnownFileType = file.storyboard; name = Base; path = Base.lproj/LaunchScreen.storyboard; sourceTree = "<group>"; };
		212F518F1D40AD3B001CBA91 /* Info.plist */ = {isa = PBXFileReference; lastKnownFileType = text.plist.xml; path = Info.plist; sourceTree = "<group>"; };
		212F51941D40AD3B001CBA91 /* BWImageUtilityTests.xctest */ = {isa = PBXFileReference; explicitFileType = wrapper.cfbundle; includeInIndex = 0; path = BWImageUtilityTests.xctest; sourceTree = BUILT_PRODUCTS_DIR; };
		212F51981D40AD3B001CBA91 /* BWImageUtilityTests.m */ = {isa = PBXFileReference; lastKnownFileType = sourcecode.c.objc; path = BWImageUtilityTests.m; sourceTree = "<group>"; };
		212F519A1D40AD3B001CBA91 /* Info.plist */ = {isa = PBXFileReference; lastKnownFileType = text.plist.xml; path = Info.plist; sourceTree = "<group>"; };
		212F519F1D40AD3B001CBA91 /* BWImageUtilityUITests.xctest */ = {isa = PBXFileReference; explicitFileType = wrapper.cfbundle; includeInIndex = 0; path = BWImageUtilityUITests.xctest; sourceTree = BUILT_PRODUCTS_DIR; };
		212F51A31D40AD3B001CBA91 /* BWImageUtilityUITests.m */ = {isa = PBXFileReference; lastKnownFileType = sourcecode.c.objc; path = BWImageUtilityUITests.m; sourceTree = "<group>"; };
		212F51A51D40AD3B001CBA91 /* Info.plist */ = {isa = PBXFileReference; lastKnownFileType = text.plist.xml; path = Info.plist; sourceTree = "<group>"; };
		54F6D4CD257DCA175E908672 /* Pods-BWImageUtility.release.xcconfig */ = {isa = PBXFileReference; includeInIndex = 1; lastKnownFileType = text.xcconfig; name = "Pods-BWImageUtility.release.xcconfig"; path = "Pods/Target Support Files/Pods-BWImageUtility/Pods-BWImageUtility.release.xcconfig"; sourceTree = "<group>"; };
		9D4DE177FDA02CA82817E12C /* Pods-BWImageUtility.debug.xcconfig */ = {isa = PBXFileReference; includeInIndex = 1; lastKnownFileType = text.xcconfig; name = "Pods-BWImageUtility.debug.xcconfig"; path = "Pods/Target Support Files/Pods-BWImageUtility/Pods-BWImageUtility.debug.xcconfig"; sourceTree = "<group>"; };
		B415BF0F31D11D1D4879FC1D /* libPods-BWImageUtility.a */ = {isa = PBXFileReference; explicitFileType = archive.ar; includeInIndex = 0; path = "libPods-BWImageUtility.a"; sourceTree = BUILT_PRODUCTS_DIR; };
		B43C27781D41A68200CC33A1 /* BWHomeViewController.h */ = {isa = PBXFileReference; fileEncoding = 4; lastKnownFileType = sourcecode.c.h; path = BWHomeViewController.h; sourceTree = "<group>"; };
		B43C27791D41A68200CC33A1 /* BWHomeViewController.m */ = {isa = PBXFileReference; fileEncoding = 4; lastKnownFileType = sourcecode.c.objc; path = BWHomeViewController.m; sourceTree = "<group>"; };
		B43C277E1D41A6A000CC33A1 /* BWAlbumViewController.h */ = {isa = PBXFileReference; fileEncoding = 4; lastKnownFileType = sourcecode.c.h; path = BWAlbumViewController.h; sourceTree = "<group>"; };
		B43C277F1D41A6A000CC33A1 /* BWAlbumViewController.m */ = {isa = PBXFileReference; fileEncoding = 4; lastKnownFileType = sourcecode.c.objc; path = BWAlbumViewController.m; sourceTree = "<group>"; };
		B43C27811D41A7FC00CC33A1 /* BWImageUtilityPrefixHeader.pch */ = {isa = PBXFileReference; lastKnownFileType = sourcecode.c.h; path = BWImageUtilityPrefixHeader.pch; sourceTree = "<group>"; };
		B43C27831D41B37F00CC33A1 /* show_landscape@2x.png */ = {isa = PBXFileReference; lastKnownFileType = image.png; path = "show_landscape@2x.png"; sourceTree = "<group>"; };
		B43C27841D41B37F00CC33A1 /* show_portrait@2x.png */ = {isa = PBXFileReference; lastKnownFileType = image.png; path = "show_portrait@2x.png"; sourceTree = "<group>"; };
		B43C27881D41BB1400CC33A1 /* BWPreviewImageViewController.h */ = {isa = PBXFileReference; fileEncoding = 4; lastKnownFileType = sourcecode.c.h; path = BWPreviewImageViewController.h; sourceTree = "<group>"; };
		B43C27891D41BB1400CC33A1 /* BWPreviewImageViewController.m */ = {isa = PBXFileReference; fileEncoding = 4; lastKnownFileType = sourcecode.c.objc; path = BWPreviewImageViewController.m; sourceTree = "<group>"; };
		B43C278B1D41BB1400CC33A1 /* BMZoomingImageView.h */ = {isa = PBXFileReference; fileEncoding = 4; lastKnownFileType = sourcecode.c.h; path = BMZoomingImageView.h; sourceTree = "<group>"; };
		B43C278C1D41BB1400CC33A1 /* BMZoomingImageView.m */ = {isa = PBXFileReference; fileEncoding = 4; lastKnownFileType = sourcecode.c.objc; path = BMZoomingImageView.m; sourceTree = "<group>"; };
		B43C278F1D41BD4E00CC33A1 /* BWPreviewImageManager.h */ = {isa = PBXFileReference; fileEncoding = 4; lastKnownFileType = sourcecode.c.h; path = BWPreviewImageManager.h; sourceTree = "<group>"; };
		B43C27901D41BD4E00CC33A1 /* BWPreviewImageManager.m */ = {isa = PBXFileReference; fileEncoding = 4; lastKnownFileType = sourcecode.c.objc; path = BWPreviewImageManager.m; sourceTree = "<group>"; };
		B43C27921D41C81900CC33A1 /* README.md */ = {isa = PBXFileReference; fileEncoding = 4; lastKnownFileType = net.daringfireball.markdown; path = README.md; sourceTree = SOURCE_ROOT; };
/* End PBXFileReference section */

/* Begin PBXFrameworksBuildPhase section */
		212F51781D40AD3B001CBA91 /* Frameworks */ = {
			isa = PBXFrameworksBuildPhase;
			buildActionMask = 2147483647;
			files = (
				C6B34B25118F0EE73FB888A7 /* libPods-BWImageUtility.a in Frameworks */,
			);
			runOnlyForDeploymentPostprocessing = 0;
		};
		212F51911D40AD3B001CBA91 /* Frameworks */ = {
			isa = PBXFrameworksBuildPhase;
			buildActionMask = 2147483647;
			files = (
			);
			runOnlyForDeploymentPostprocessing = 0;
		};
		212F519C1D40AD3B001CBA91 /* Frameworks */ = {
			isa = PBXFrameworksBuildPhase;
			buildActionMask = 2147483647;
			files = (
			);
			runOnlyForDeploymentPostprocessing = 0;
		};
/* End PBXFrameworksBuildPhase section */

/* Begin PBXGroup section */
		212F51721D40AD3B001CBA91 = {
			isa = PBXGroup;
			children = (
				212F517D1D40AD3B001CBA91 /* BWImageUtility */,
				212F51971D40AD3B001CBA91 /* BWImageUtilityTests */,
				212F51A21D40AD3B001CBA91 /* BWImageUtilityUITests */,
				212F517C1D40AD3B001CBA91 /* Products */,
				A6B13011B813D204C56B0649 /* Pods */,
				930D2152C0A672FC82075D11 /* Frameworks */,
			);
			sourceTree = "<group>";
		};
		212F517C1D40AD3B001CBA91 /* Products */ = {
			isa = PBXGroup;
			children = (
				212F517B1D40AD3B001CBA91 /* BWImageUtility.app */,
				212F51941D40AD3B001CBA91 /* BWImageUtilityTests.xctest */,
				212F519F1D40AD3B001CBA91 /* BWImageUtilityUITests.xctest */,
			);
			name = Products;
			sourceTree = "<group>";
		};
		212F517D1D40AD3B001CBA91 /* BWImageUtility */ = {
			isa = PBXGroup;
			children = (
				B43C27921D41C81900CC33A1 /* README.md */,
				212F51811D40AD3B001CBA91 /* AppDelegate.h */,
				212F51821D40AD3B001CBA91 /* AppDelegate.m */,
				B4815FE51D40CD6100118586 /* MVC */,
				B43C27821D41B37F00CC33A1 /* Image */,
				212F518A1D40AD3B001CBA91 /* Assets.xcassets */,
				212F517E1D40AD3B001CBA91 /* Supporting Files */,
			);
			path = BWImageUtility;
			sourceTree = "<group>";
		};
		212F517E1D40AD3B001CBA91 /* Supporting Files */ = {
			isa = PBXGroup;
			children = (
				212F517F1D40AD3B001CBA91 /* main.m */,
				212F518F1D40AD3B001CBA91 /* Info.plist */,
				212F518C1D40AD3B001CBA91 /* LaunchScreen.storyboard */,
				B43C27811D41A7FC00CC33A1 /* BWImageUtilityPrefixHeader.pch */,
			);
			name = "Supporting Files";
			sourceTree = "<group>";
		};
		212F51971D40AD3B001CBA91 /* BWImageUtilityTests */ = {
			isa = PBXGroup;
			children = (
				212F51981D40AD3B001CBA91 /* BWImageUtilityTests.m */,
				212F519A1D40AD3B001CBA91 /* Info.plist */,
			);
			path = BWImageUtilityTests;
			sourceTree = "<group>";
		};
		212F51A21D40AD3B001CBA91 /* BWImageUtilityUITests */ = {
			isa = PBXGroup;
			children = (
				212F51A31D40AD3B001CBA91 /* BWImageUtilityUITests.m */,
				212F51A51D40AD3B001CBA91 /* Info.plist */,
			);
			path = BWImageUtilityUITests;
			sourceTree = "<group>";
		};
		930D2152C0A672FC82075D11 /* Frameworks */ = {
			isa = PBXGroup;
			children = (
				B415BF0F31D11D1D4879FC1D /* libPods-BWImageUtility.a */,
			);
			name = Frameworks;
			sourceTree = "<group>";
		};
		A6B13011B813D204C56B0649 /* Pods */ = {
			isa = PBXGroup;
			children = (
				9D4DE177FDA02CA82817E12C /* Pods-BWImageUtility.debug.xcconfig */,
				54F6D4CD257DCA175E908672 /* Pods-BWImageUtility.release.xcconfig */,
			);
			name = Pods;
			sourceTree = "<group>";
		};
		B43C27821D41B37F00CC33A1 /* Image */ = {
			isa = PBXGroup;
			children = (
				B43C27831D41B37F00CC33A1 /* show_landscape@2x.png */,
				B43C27841D41B37F00CC33A1 /* show_portrait@2x.png */,
			);
			path = Image;
			sourceTree = "<group>";
		};
		B43C27871D41BB1400CC33A1 /* Controller */ = {
			isa = PBXGroup;
			children = (
				B43C27881D41BB1400CC33A1 /* BWPreviewImageViewController.h */,
				B43C27891D41BB1400CC33A1 /* BWPreviewImageViewController.m */,
			);
			path = Controller;
			sourceTree = "<group>";
		};
		B43C278A1D41BB1400CC33A1 /* PreviewImageManager */ = {
			isa = PBXGroup;
			children = (
				B43C278F1D41BD4E00CC33A1 /* BWPreviewImageManager.h */,
				B43C27901D41BD4E00CC33A1 /* BWPreviewImageManager.m */,
				B43C278B1D41BB1400CC33A1 /* BMZoomingImageView.h */,
				B43C278C1D41BB1400CC33A1 /* BMZoomingImageView.m */,
			);
			path = PreviewImageManager;
			sourceTree = "<group>";
		};
		B4815FE51D40CD6100118586 /* MVC */ = {
			isa = PBXGroup;
			children = (
				B4815FE71D40CD6100118586 /* Home */,
				B4815FE81D40CD6100118586 /* PreviewImage */,
				B4815FE61D40CD6100118586 /* Album */,
			);
			path = MVC;
			sourceTree = "<group>";
		};
		B4815FE61D40CD6100118586 /* Album */ = {
			isa = PBXGroup;
			children = (
				B43C277E1D41A6A000CC33A1 /* BWAlbumViewController.h */,
				B43C277F1D41A6A000CC33A1 /* BWAlbumViewController.m */,
			);
			path = Album;
			sourceTree = "<group>";
		};
		B4815FE71D40CD6100118586 /* Home */ = {
			isa = PBXGroup;
			children = (
				B43C27781D41A68200CC33A1 /* BWHomeViewController.h */,
				B43C27791D41A68200CC33A1 /* BWHomeViewController.m */,
			);
			path = Home;
			sourceTree = "<group>";
		};
		B4815FE81D40CD6100118586 /* PreviewImage */ = {
			isa = PBXGroup;
			children = (
				B43C27871D41BB1400CC33A1 /* Controller */,
				B43C278A1D41BB1400CC33A1 /* PreviewImageManager */,
			);
			path = PreviewImage;
			sourceTree = "<group>";
		};
/* End PBXGroup section */

/* Begin PBXNativeTarget section */
		212F517A1D40AD3B001CBA91 /* BWImageUtility */ = {
			isa = PBXNativeTarget;
			buildConfigurationList = 212F51A81D40AD3B001CBA91 /* Build configuration list for PBXNativeTarget "BWImageUtility" */;
			buildPhases = (
				D196DF1A973083F48158AE62 /* [CP] Check Pods Manifest.lock */,
				212F51771D40AD3B001CBA91 /* Sources */,
				212F51781D40AD3B001CBA91 /* Frameworks */,
				212F51791D40AD3B001CBA91 /* Resources */,
				29D63DE303794D07D3DB8FF0 /* [CP] Embed Pods Frameworks */,
				ABB880680B03D708C48542C7 /* [CP] Copy Pods Resources */,
			);
			buildRules = (
			);
			dependencies = (
			);
			name = BWImageUtility;
			productName = BWImageUtility;
			productReference = 212F517B1D40AD3B001CBA91 /* BWImageUtility.app */;
			productType = "com.apple.product-type.application";
		};
		212F51931D40AD3B001CBA91 /* BWImageUtilityTests */ = {
			isa = PBXNativeTarget;
			buildConfigurationList = 212F51AB1D40AD3B001CBA91 /* Build configuration list for PBXNativeTarget "BWImageUtilityTests" */;
			buildPhases = (
				212F51901D40AD3B001CBA91 /* Sources */,
				212F51911D40AD3B001CBA91 /* Frameworks */,
				212F51921D40AD3B001CBA91 /* Resources */,
			);
			buildRules = (
			);
			dependencies = (
				212F51961D40AD3B001CBA91 /* PBXTargetDependency */,
			);
			name = BWImageUtilityTests;
			productName = BWImageUtilityTests;
			productReference = 212F51941D40AD3B001CBA91 /* BWImageUtilityTests.xctest */;
			productType = "com.apple.product-type.bundle.unit-test";
		};
		212F519E1D40AD3B001CBA91 /* BWImageUtilityUITests */ = {
			isa = PBXNativeTarget;
			buildConfigurationList = 212F51AE1D40AD3B001CBA91 /* Build configuration list for PBXNativeTarget "BWImageUtilityUITests" */;
			buildPhases = (
				212F519B1D40AD3B001CBA91 /* Sources */,
				212F519C1D40AD3B001CBA91 /* Frameworks */,
				212F519D1D40AD3B001CBA91 /* Resources */,
			);
			buildRules = (
			);
			dependencies = (
				212F51A11D40AD3B001CBA91 /* PBXTargetDependency */,
			);
			name = BWImageUtilityUITests;
			productName = BWImageUtilityUITests;
			productReference = 212F519F1D40AD3B001CBA91 /* BWImageUtilityUITests.xctest */;
			productType = "com.apple.product-type.bundle.ui-testing";
		};
/* End PBXNativeTarget section */

/* Begin PBXProject section */
		212F51731D40AD3B001CBA91 /* Project object */ = {
			isa = PBXProject;
			attributes = {
				LastUpgradeCheck = 0730;
				ORGANIZATIONNAME = "Bob Wong Studio";
				TargetAttributes = {
					212F517A1D40AD3B001CBA91 = {
						CreatedOnToolsVersion = 7.3;
					};
					212F51931D40AD3B001CBA91 = {
						CreatedOnToolsVersion = 7.3;
						TestTargetID = 212F517A1D40AD3B001CBA91;
					};
					212F519E1D40AD3B001CBA91 = {
						CreatedOnToolsVersion = 7.3;
						TestTargetID = 212F517A1D40AD3B001CBA91;
					};
				};
			};
			buildConfigurationList = 212F51761D40AD3B001CBA91 /* Build configuration list for PBXProject "BWImageUtility" */;
			compatibilityVersion = "Xcode 3.2";
			developmentRegion = English;
			hasScannedForEncodings = 0;
			knownRegions = (
				en,
				Base,
			);
			mainGroup = 212F51721D40AD3B001CBA91;
			productRefGroup = 212F517C1D40AD3B001CBA91 /* Products */;
			projectDirPath = "";
			projectRoot = "";
			targets = (
				212F517A1D40AD3B001CBA91 /* BWImageUtility */,
				212F51931D40AD3B001CBA91 /* BWImageUtilityTests */,
				212F519E1D40AD3B001CBA91 /* BWImageUtilityUITests */,
			);
		};
/* End PBXProject section */

/* Begin PBXResourcesBuildPhase section */
		212F51791D40AD3B001CBA91 /* Resources */ = {
			isa = PBXResourcesBuildPhase;
			buildActionMask = 2147483647;
			files = (
				B43C27851D41B37F00CC33A1 /* show_landscape@2x.png in Resources */,
				B43C27861D41B37F00CC33A1 /* show_portrait@2x.png in Resources */,
				212F518E1D40AD3B001CBA91 /* LaunchScreen.storyboard in Resources */,
				212F518B1D40AD3B001CBA91 /* Assets.xcassets in Resources */,
			);
			runOnlyForDeploymentPostprocessing = 0;
		};
		212F51921D40AD3B001CBA91 /* Resources */ = {
			isa = PBXResourcesBuildPhase;
			buildActionMask = 2147483647;
			files = (
			);
			runOnlyForDeploymentPostprocessing = 0;
		};
		212F519D1D40AD3B001CBA91 /* Resources */ = {
			isa = PBXResourcesBuildPhase;
			buildActionMask = 2147483647;
			files = (
			);
			runOnlyForDeploymentPostprocessing = 0;
		};
/* End PBXResourcesBuildPhase section */

/* Begin PBXShellScriptBuildPhase section */
		29D63DE303794D07D3DB8FF0 /* [CP] Embed Pods Frameworks */ = {
			isa = PBXShellScriptBuildPhase;
			buildActionMask = 2147483647;
			files = (
			);
			inputPaths = (
			);
			name = "[CP] Embed Pods Frameworks";
			outputPaths = (
			);
			runOnlyForDeploymentPostprocessing = 0;
			shellPath = /bin/sh;
			shellScript = "\"${SRCROOT}/Pods/Target Support Files/Pods-BWImageUtility/Pods-BWImageUtility-frameworks.sh\"\n";
			showEnvVarsInLog = 0;
		};
		ABB880680B03D708C48542C7 /* [CP] Copy Pods Resources */ = {
			isa = PBXShellScriptBuildPhase;
			buildActionMask = 2147483647;
			files = (
			);
			inputPaths = (
			);
			name = "[CP] Copy Pods Resources";
			outputPaths = (
			);
			runOnlyForDeploymentPostprocessing = 0;
			shellPath = /bin/sh;
			shellScript = "\"${SRCROOT}/Pods/Target Support Files/Pods-BWImageUtility/Pods-BWImageUtility-resources.sh\"\n";
			showEnvVarsInLog = 0;
		};
		D196DF1A973083F48158AE62 /* [CP] Check Pods Manifest.lock */ = {
			isa = PBXShellScriptBuildPhase;
			buildActionMask = 2147483647;
			files = (
			);
			inputPaths = (
			);
			name = "[CP] Check Pods Manifest.lock";
			outputPaths = (
			);
			runOnlyForDeploymentPostprocessing = 0;
			shellPath = /bin/sh;
			shellScript = "diff \"${PODS_ROOT}/../Podfile.lock\" \"${PODS_ROOT}/Manifest.lock\" > /dev/null\nif [[ $? != 0 ]] ; then\n    cat << EOM\nerror: The sandbox is not in sync with the Podfile.lock. Run 'pod install' or update your CocoaPods installation.\nEOM\n    exit 1\nfi\n";
			showEnvVarsInLog = 0;
		};
/* End PBXShellScriptBuildPhase section */

/* Begin PBXSourcesBuildPhase section */
		212F51771D40AD3B001CBA91 /* Sources */ = {
			isa = PBXSourcesBuildPhase;
			buildActionMask = 2147483647;
			files = (
				B43C277A1D41A68200CC33A1 /* BWHomeViewController.m in Sources */,
				B43C278D1D41BB1400CC33A1 /* BWPreviewImageViewController.m in Sources */,
				212F51831D40AD3B001CBA91 /* AppDelegate.m in Sources */,
				B43C27911D41BD4E00CC33A1 /* BWPreviewImageManager.m in Sources */,
				B43C278E1D41BB1400CC33A1 /* BMZoomingImageView.m in Sources */,
				B43C27801D41A6A000CC33A1 /* BWAlbumViewController.m in Sources */,
				212F51801D40AD3B001CBA91 /* main.m in Sources */,
			);
			runOnlyForDeploymentPostprocessing = 0;
		};
		212F51901D40AD3B001CBA91 /* Sources */ = {
			isa = PBXSourcesBuildPhase;
			buildActionMask = 2147483647;
			files = (
				212F51991D40AD3B001CBA91 /* BWImageUtilityTests.m in Sources */,
			);
			runOnlyForDeploymentPostprocessing = 0;
		};
		212F519B1D40AD3B001CBA91 /* Sources */ = {
			isa = PBXSourcesBuildPhase;
			buildActionMask = 2147483647;
			files = (
				212F51A41D40AD3B001CBA91 /* BWImageUtilityUITests.m in Sources */,
			);
			runOnlyForDeploymentPostprocessing = 0;
		};
/* End PBXSourcesBuildPhase section */

/* Begin PBXTargetDependency section */
		212F51961D40AD3B001CBA91 /* PBXTargetDependency */ = {
			isa = PBXTargetDependency;
			target = 212F517A1D40AD3B001CBA91 /* BWImageUtility */;
			targetProxy = 212F51951D40AD3B001CBA91 /* PBXContainerItemProxy */;
		};
		212F51A11D40AD3B001CBA91 /* PBXTargetDependency */ = {
			isa = PBXTargetDependency;
			target = 212F517A1D40AD3B001CBA91 /* BWImageUtility */;
			targetProxy = 212F51A01D40AD3B001CBA91 /* PBXContainerItemProxy */;
		};
/* End PBXTargetDependency section */

/* Begin PBXVariantGroup section */
		212F518C1D40AD3B001CBA91 /* LaunchScreen.storyboard */ = {
			isa = PBXVariantGroup;
			children = (
				212F518D1D40AD3B001CBA91 /* Base */,
			);
			name = LaunchScreen.storyboard;
			sourceTree = "<group>";
		};
/* End PBXVariantGroup section */

/* Begin XCBuildConfiguration section */
		212F51A61D40AD3B001CBA91 /* Debug */ = {
			isa = XCBuildConfiguration;
			buildSettings = {
				ALWAYS_SEARCH_USER_PATHS = NO;
				CLANG_ANALYZER_NONNULL = YES;
				CLANG_CXX_LANGUAGE_STANDARD = "gnu++0x";
				CLANG_CXX_LIBRARY = "libc++";
				CLANG_ENABLE_MODULES = YES;
				CLANG_ENABLE_OBJC_ARC = YES;
				CLANG_WARN_BOOL_CONVERSION = YES;
				CLANG_WARN_CONSTANT_CONVERSION = YES;
				CLANG_WARN_DIRECT_OBJC_ISA_USAGE = YES_ERROR;
				CLANG_WARN_EMPTY_BODY = YES;
				CLANG_WARN_ENUM_CONVERSION = YES;
				CLANG_WARN_INT_CONVERSION = YES;
				CLANG_WARN_OBJC_ROOT_CLASS = YES_ERROR;
				CLANG_WARN_UNREACHABLE_CODE = YES;
				CLANG_WARN__DUPLICATE_METHOD_MATCH = YES;
				"CODE_SIGN_IDENTITY[sdk=iphoneos*]" = "iPhone Developer";
				COPY_PHASE_STRIP = NO;
				DEBUG_INFORMATION_FORMAT = dwarf;
				ENABLE_STRICT_OBJC_MSGSEND = YES;
				ENABLE_TESTABILITY = YES;
				GCC_C_LANGUAGE_STANDARD = gnu99;
				GCC_DYNAMIC_NO_PIC = NO;
				GCC_NO_COMMON_BLOCKS = YES;
				GCC_OPTIMIZATION_LEVEL = 0;
				GCC_PREPROCESSOR_DEFINITIONS = (
					"DEBUG=1",
					"$(inherited)",
				);
				GCC_WARN_64_TO_32_BIT_CONVERSION = YES;
				GCC_WARN_ABOUT_RETURN_TYPE = YES_ERROR;
				GCC_WARN_UNDECLARED_SELECTOR = YES;
				GCC_WARN_UNINITIALIZED_AUTOS = YES_AGGRESSIVE;
				GCC_WARN_UNUSED_FUNCTION = YES;
				GCC_WARN_UNUSED_VARIABLE = YES;
				IPHONEOS_DEPLOYMENT_TARGET = 9.3;
				MTL_ENABLE_DEBUG_INFO = YES;
				ONLY_ACTIVE_ARCH = YES;
				SDKROOT = iphoneos;
			};
			name = Debug;
		};
		212F51A71D40AD3B001CBA91 /* Release */ = {
			isa = XCBuildConfiguration;
			buildSettings = {
				ALWAYS_SEARCH_USER_PATHS = NO;
				CLANG_ANALYZER_NONNULL = YES;
				CLANG_CXX_LANGUAGE_STANDARD = "gnu++0x";
				CLANG_CXX_LIBRARY = "libc++";
				CLANG_ENABLE_MODULES = YES;
				CLANG_ENABLE_OBJC_ARC = YES;
				CLANG_WARN_BOOL_CONVERSION = YES;
				CLANG_WARN_CONSTANT_CONVERSION = YES;
				CLANG_WARN_DIRECT_OBJC_ISA_USAGE = YES_ERROR;
				CLANG_WARN_EMPTY_BODY = YES;
				CLANG_WARN_ENUM_CONVERSION = YES;
				CLANG_WARN_INT_CONVERSION = YES;
				CLANG_WARN_OBJC_ROOT_CLASS = YES_ERROR;
				CLANG_WARN_UNREACHABLE_CODE = YES;
				CLANG_WARN__DUPLICATE_METHOD_MATCH = YES;
				"CODE_SIGN_IDENTITY[sdk=iphoneos*]" = "iPhone Developer";
				COPY_PHASE_STRIP = NO;
				DEBUG_INFORMATION_FORMAT = "dwarf-with-dsym";
				ENABLE_NS_ASSERTIONS = NO;
				ENABLE_STRICT_OBJC_MSGSEND = YES;
				GCC_C_LANGUAGE_STANDARD = gnu99;
				GCC_NO_COMMON_BLOCKS = YES;
				GCC_WARN_64_TO_32_BIT_CONVERSION = YES;
				GCC_WARN_ABOUT_RETURN_TYPE = YES_ERROR;
				GCC_WARN_UNDECLARED_SELECTOR = YES;
				GCC_WARN_UNINITIALIZED_AUTOS = YES_AGGRESSIVE;
				GCC_WARN_UNUSED_FUNCTION = YES;
				GCC_WARN_UNUSED_VARIABLE = YES;
				IPHONEOS_DEPLOYMENT_TARGET = 9.3;
				MTL_ENABLE_DEBUG_INFO = NO;
				SDKROOT = iphoneos;
				VALIDATE_PRODUCT = YES;
			};
			name = Release;
		};
		212F51A91D40AD3B001CBA91 /* Debug */ = {
			isa = XCBuildConfiguration;
			baseConfigurationReference = 9D4DE177FDA02CA82817E12C /* Pods-BWImageUtility.debug.xcconfig */;
			buildSettings = {
				ASSETCATALOG_COMPILER_APPICON_NAME = AppIcon;
				GCC_PREFIX_HEADER = BWImageUtility/BWImageUtilityPrefixHeader.pch;
				INFOPLIST_FILE = BWImageUtility/Info.plist;
				IPHONEOS_DEPLOYMENT_TARGET = 7.0;
				LD_RUNPATH_SEARCH_PATHS = "$(inherited) @executable_path/Frameworks";
				PRODUCT_BUNDLE_IDENTIFIER = com.bws.BWImageUtility;
				PRODUCT_NAME = "$(TARGET_NAME)";
			};
			name = Debug;
		};
		212F51AA1D40AD3B001CBA91 /* Release */ = {
			isa = XCBuildConfiguration;
			baseConfigurationReference = 54F6D4CD257DCA175E908672 /* Pods-BWImageUtility.release.xcconfig */;
			buildSettings = {
				ASSETCATALOG_COMPILER_APPICON_NAME = AppIcon;
				GCC_PREFIX_HEADER = BWImageUtility/BWImageUtilityPrefixHeader.pch;
				INFOPLIST_FILE = BWImageUtility/Info.plist;
				IPHONEOS_DEPLOYMENT_TARGET = 7.0;
				LD_RUNPATH_SEARCH_PATHS = "$(inherited) @executable_path/Frameworks";
				PRODUCT_BUNDLE_IDENTIFIER = com.bws.BWImageUtility;
				PRODUCT_NAME = "$(TARGET_NAME)";
			};
			name = Release;
		};
		212F51AC1D40AD3B001CBA91 /* Debug */ = {
			isa = XCBuildConfiguration;
			buildSettings = {
				BUNDLE_LOADER = "$(TEST_HOST)";
				INFOPLIST_FILE = BWImageUtilityTests/Info.plist;
				LD_RUNPATH_SEARCH_PATHS = "$(inherited) @executable_path/Frameworks @loader_path/Frameworks";
				PRODUCT_BUNDLE_IDENTIFIER = com.bws.BWImageUtilityTests;
				PRODUCT_NAME = "$(TARGET_NAME)";
				TEST_HOST = "$(BUILT_PRODUCTS_DIR)/BWImageUtility.app/BWImageUtility";
			};
			name = Debug;
		};
		212F51AD1D40AD3B001CBA91 /* Release */ = {
			isa = XCBuildConfiguration;
			buildSettings = {
				BUNDLE_LOADER = "$(TEST_HOST)";
				INFOPLIST_FILE = BWImageUtilityTests/Info.plist;
				LD_RUNPATH_SEARCH_PATHS = "$(inherited) @executable_path/Frameworks @loader_path/Frameworks";
				PRODUCT_BUNDLE_IDENTIFIER = com.bws.BWImageUtilityTests;
				PRODUCT_NAME = "$(TARGET_NAME)";
				TEST_HOST = "$(BUILT_PRODUCTS_DIR)/BWImageUtility.app/BWImageUtility";
			};
			name = Release;
		};
		212F51AF1D40AD3B001CBA91 /* Debug */ = {
			isa = XCBuildConfiguration;
			buildSettings = {
				INFOPLIST_FILE = BWImageUtilityUITests/Info.plist;
				LD_RUNPATH_SEARCH_PATHS = "$(inherited) @executable_path/Frameworks @loader_path/Frameworks";
				PRODUCT_BUNDLE_IDENTIFIER = com.bws.BWImageUtilityUITests;
				PRODUCT_NAME = "$(TARGET_NAME)";
				TEST_TARGET_NAME = BWImageUtility;
			};
			name = Debug;
		};
		212F51B01D40AD3B001CBA91 /* Release */ = {
			isa = XCBuildConfiguration;
			buildSettings = {
				INFOPLIST_FILE = BWImageUtilityUITests/Info.plist;
				LD_RUNPATH_SEARCH_PATHS = "$(inherited) @executable_path/Frameworks @loader_path/Frameworks";
				PRODUCT_BUNDLE_IDENTIFIER = com.bws.BWImageUtilityUITests;
				PRODUCT_NAME = "$(TARGET_NAME)";
				TEST_TARGET_NAME = BWImageUtility;
			};
			name = Release;
		};
/* End XCBuildConfiguration section */

/* Begin XCConfigurationList section */
		212F51761D40AD3B001CBA91 /* Build configuration list for PBXProject "BWImageUtility" */ = {
			isa = XCConfigurationList;
			buildConfigurations = (
				212F51A61D40AD3B001CBA91 /* Debug */,
				212F51A71D40AD3B001CBA91 /* Release */,
			);
			defaultConfigurationIsVisible = 0;
			defaultConfigurationName = Release;
		};
		212F51A81D40AD3B001CBA91 /* Build configuration list for PBXNativeTarget "BWImageUtility" */ = {
			isa = XCConfigurationList;
			buildConfigurations = (
				212F51A91D40AD3B001CBA91 /* Debug */,
				212F51AA1D40AD3B001CBA91 /* Release */,
			);
			defaultConfigurationIsVisible = 0;
			defaultConfigurationName = Release;
		};
		212F51AB1D40AD3B001CBA91 /* Build configuration list for PBXNativeTarget "BWImageUtilityTests" */ = {
			isa = XCConfigurationList;
			buildConfigurations = (
				212F51AC1D40AD3B001CBA91 /* Debug */,
				212F51AD1D40AD3B001CBA91 /* Release */,
			);
			defaultConfigurationIsVisible = 0;
			defaultConfigurationName = Release;
		};
		212F51AE1D40AD3B001CBA91 /* Build configuration list for PBXNativeTarget "BWImageUtilityUITests" */ = {
			isa = XCConfigurationList;
			buildConfigurations = (
				212F51AF1D40AD3B001CBA91 /* Debug */,
				212F51B01D40AD3B001CBA91 /* Release */,
			);
			defaultConfigurationIsVisible = 0;
			defaultConfigurationName = Release;
		};
/* End XCConfigurationList section */
	};
	rootObject = 212F51731D40AD3B001CBA91 /* Project object */;
}
