// !$*UTF8*$!
{
	archiveVersion = 1;
	classes = {
	};
	objectVersion = 46;
	objects = {

/* Begin PBXBuildFile section */
		212F51801D40AD3B001CBA91 /* main.m in Sources */ = {isa = PBXBuildFile; fileRef = 212F517F1D40AD3B001CBA91 /* main.m */; };
		212F51831D40AD3B001CBA91 /* AppDelegate.m in Sources */ = {isa = PBXBuildFile; fileRef = 212F51821D40AD3B001CBA91 /* AppDelegate.m */; };
		212F518B1D40AD3B001CBA91 /* Assets.xcassets in Resources */ = {isa = PBXBuildFile; fileRef = 212F518A1D40AD3B001CBA91 /* Assets.xcassets */; };
		212F518E1D40AD3B001CBA91 /* LaunchScreen.storyboard in Resources */ = {isa = PBXBuildFile; fileRef = 212F518C1D40AD3B001CBA91 /* LaunchScreen.storyboard */; };
		212F51991D40AD3B001CBA91 /* BWImageUtilityTests.m in Sources */ = {isa = PBXBuildFile; fileRef = 212F51981D40AD3B001CBA91 /* BWImageUtilityTests.m */; };
		212F51A41D40AD3B001CBA91 /* BWImageUtilityUITests.m in Sources */ = {isa = PBXBuildFile; fileRef = 212F51A31D40AD3B001CBA91 /* BWImageUtilityUITests.m */; };
		B43C277A1D41A68200CC33A1 /* BWHomeViewController.m in Sources */ = {isa = PBXBuildFile; fileRef = B43C27791D41A68200CC33A1 /* BWHomeViewController.m */; };
		B43C27851D41B37F00CC33A1 /* show_landscape@2x.png in Resources */ = {isa = PBXBuildFile; fileRef = B43C27831D41B37F00CC33A1 /* show_landscape@2x.png */; };
		B43C27861D41B37F00CC33A1 /* show_portrait@2x.png in Resources */ = {isa = PBXBuildFile; fileRef = B43C27841D41B37F00CC33A1 /* show_portrait@2x.png */; };
		B43C278D1D41BB1400CC33A1 /* BWPreviewImageViewController.m in Sources */ = {isa = PBXBuildFile; fileRef = B43C27891D41BB1400CC33A1 /* BWPreviewImageViewController.m */; };
		B43C278E1D41BB1400CC33A1 /* BMZoomingImageView.m in Sources */ = {isa = PBXBuildFile; fileRef = B43C278C1D41BB1400CC33A1 /* BMZoomingImageView.m */; };
		B43C27911D41BD4E00CC33A1 /* BWPreviewImageManager.m in Sources */ = {isa = PBXBuildFile; fileRef = B43C27901D41BD4E00CC33A1 /* BWPreviewImageManager.m */; };
		B43C279A1D41D03600CC33A1 /* BWAlbumImagesViewController.m in Sources */ = {isa = PBXBuildFile; fileRef = B43C27981D41D03600CC33A1 /* BWAlbumImagesViewController.m */; };
		B43C279E1D41D0BC00CC33A1 /* BWBaseViewController.m in Sources */ = {isa = PBXBuildFile; fileRef = B43C279D1D41D0BC00CC33A1 /* BWBaseViewController.m */; };
		B43C27A11D41D0FE00CC33A1 /* BWImageSelectionViewController.m in Sources */ = {isa = PBXBuildFile; fileRef = B43C27A01D41D0FE00CC33A1 /* BWImageSelectionViewController.m */; };
		B43C27A31D41D19400CC33A1 /* BWImageSelectionViewController.xib in Resources */ = {isa = PBXBuildFile; fileRef = B43C27A21D41D19400CC33A1 /* BWImageSelectionViewController.xib */; };
		B43C27A51D41FEF200CC33A1 /* BWAlbumImagesViewController.xib in Resources */ = {isa = PBXBuildFile; fileRef = B43C27A41D41FEF200CC33A1 /* BWAlbumImagesViewController.xib */; };
		B43C27A91D4206F800CC33A1 /* BWWebImageViewController.m in Sources */ = {isa = PBXBuildFile; fileRef = B43C27A71D4206F800CC33A1 /* BWWebImageViewController.m */; };
		B43C27AA1D4206F800CC33A1 /* BWWebImageViewController.xib in Resources */ = {isa = PBXBuildFile; fileRef = B43C27A81D4206F800CC33A1 /* BWWebImageViewController.xib */; };
		B43C27F51D421B3500CC33A1 /* UIImage+ZLPhotoLib.m in Sources */ = {isa = PBXBuildFile; fileRef = B43C27BB1D421B3500CC33A1 /* UIImage+ZLPhotoLib.m */; };
		B43C27F61D421B3500CC33A1 /* UIView+ZLExtension.m in Sources */ = {isa = PBXBuildFile; fileRef = B43C27BD1D421B3500CC33A1 /* UIView+ZLExtension.m */; };
		B43C27F71D421B3500CC33A1 /* ZLPhotoPickerBrowserPhoto.m in Sources */ = {isa = PBXBuildFile; fileRef = B43C27C41D421B3500CC33A1 /* ZLPhotoPickerBrowserPhoto.m */; };
		B43C27F81D421B3500CC33A1 /* ZLPhotoRect.m in Sources */ = {isa = PBXBuildFile; fileRef = B43C27C61D421B3500CC33A1 /* ZLPhotoRect.m */; };
		B43C27F91D421B3500CC33A1 /* ZLPhotoPickerBrowserViewController+SignlePhotoBrowser.m in Sources */ = {isa = PBXBuildFile; fileRef = B43C27C91D421B3500CC33A1 /* ZLPhotoPickerBrowserViewController+SignlePhotoBrowser.m */; };
		B43C27FA1D421B3500CC33A1 /* ZLPhotoPickerBrowserViewController.m in Sources */ = {isa = PBXBuildFile; fileRef = B43C27CB1D421B3500CC33A1 /* ZLPhotoPickerBrowserViewController.m */; };
		B43C27FB1D421B3500CC33A1 /* ZLPhotoPickerBrowserPhotoImageView.m in Sources */ = {isa = PBXBuildFile; fileRef = B43C27CE1D421B3500CC33A1 /* ZLPhotoPickerBrowserPhotoImageView.m */; };
		B43C27FC1D421B3500CC33A1 /* ZLPhotoPickerBrowserPhotoScrollView.m in Sources */ = {isa = PBXBuildFile; fileRef = B43C27D01D421B3500CC33A1 /* ZLPhotoPickerBrowserPhotoScrollView.m */; };
		B43C27FD1D421B3500CC33A1 /* ZLPhotoPickerBrowserPhotoView.m in Sources */ = {isa = PBXBuildFile; fileRef = B43C27D21D421B3500CC33A1 /* ZLPhotoPickerBrowserPhotoView.m */; };
		B43C27FE1D421B3500CC33A1 /* ZLPhotoPickerCustomToolBarView.m in Sources */ = {isa = PBXBuildFile; fileRef = B43C27D41D421B3500CC33A1 /* ZLPhotoPickerCustomToolBarView.m */; };
		B43C27FF1D421B3500CC33A1 /* ZLPhotoAssets.m in Sources */ = {isa = PBXBuildFile; fileRef = B43C27D81D421B3500CC33A1 /* ZLPhotoAssets.m */; };
		B43C28001D421B3500CC33A1 /* ZLPhotoPickerDatas.m in Sources */ = {isa = PBXBuildFile; fileRef = B43C27DA1D421B3500CC33A1 /* ZLPhotoPickerDatas.m */; };
		B43C28011D421B3500CC33A1 /* ZLPhotoPickerGroup.m in Sources */ = {isa = PBXBuildFile; fileRef = B43C27DC1D421B3500CC33A1 /* ZLPhotoPickerGroup.m */; };
		B43C28021D421B3500CC33A1 /* UIViewController+Alert.m in Sources */ = {isa = PBXBuildFile; fileRef = B43C27DF1D421B3500CC33A1 /* UIViewController+Alert.m */; };
		B43C28031D421B3500CC33A1 /* ZLNavigationController.m in Sources */ = {isa = PBXBuildFile; fileRef = B43C27E11D421B3500CC33A1 /* ZLNavigationController.m */; };
		B43C28041D421B3500CC33A1 /* ZLPhotoPickerAssetsViewController.m in Sources */ = {isa = PBXBuildFile; fileRef = B43C27E31D421B3500CC33A1 /* ZLPhotoPickerAssetsViewController.m */; };
		B43C28051D421B3500CC33A1 /* ZLPhotoPickerGroupViewController.m in Sources */ = {isa = PBXBuildFile; fileRef = B43C27E51D421B3500CC33A1 /* ZLPhotoPickerGroupViewController.m */; };
		B43C28061D421B3500CC33A1 /* ZLPhotoPickerViewController.m in Sources */ = {isa = PBXBuildFile; fileRef = B43C27E71D421B3500CC33A1 /* ZLPhotoPickerViewController.m */; };
		B43C28071D421B3500CC33A1 /* ZLPhotoPickerCollectionView.m in Sources */ = {isa = PBXBuildFile; fileRef = B43C27EA1D421B3500CC33A1 /* ZLPhotoPickerCollectionView.m */; };
		B43C28081D421B3500CC33A1 /* ZLPhotoPickerCollectionViewCell.m in Sources */ = {isa = PBXBuildFile; fileRef = B43C27EC1D421B3500CC33A1 /* ZLPhotoPickerCollectionViewCell.m */; };
		B43C28091D421B3500CC33A1 /* ZLPhotoPickerFooterCollectionReusableView.m in Sources */ = {isa = PBXBuildFile; fileRef = B43C27EE1D421B3500CC33A1 /* ZLPhotoPickerFooterCollectionReusableView.m */; };
		B43C280A1D421B3500CC33A1 /* ZLPhotoPickerGroupTableViewCell.m in Sources */ = {isa = PBXBuildFile; fileRef = B43C27F01D421B3500CC33A1 /* ZLPhotoPickerGroupTableViewCell.m */; };
		B43C280B1D421B3500CC33A1 /* ZLPhotoPickerImageView.m in Sources */ = {isa = PBXBuildFile; fileRef = B43C27F21D421B3500CC33A1 /* ZLPhotoPickerImageView.m */; };
		B43C280C1D421B3500CC33A1 /* ZLPhotoLib.bundle in Resources */ = {isa = PBXBuildFile; fileRef = B43C27F41D421B3500CC33A1 /* ZLPhotoLib.bundle */; };
		B43C28121D421B6300CC33A1 /* DACircularProgressView.m in Sources */ = {isa = PBXBuildFile; fileRef = B43C280F1D421B6300CC33A1 /* DACircularProgressView.m */; };
		B43C28131D421B6300CC33A1 /* DALabeledCircularProgressView.m in Sources */ = {isa = PBXBuildFile; fileRef = B43C28111D421B6300CC33A1 /* DALabeledCircularProgressView.m */; };
		C6B34B25118F0EE73FB888A7 /* libPods-BWImageUtility.a in Frameworks */ = {isa = PBXBuildFile; fileRef = B415BF0F31D11D1D4879FC1D /* libPods-BWImageUtility.a */; };
/* End PBXBuildFile section */

/* Begin PBXContainerItemProxy section */
		212F51951D40AD3B001CBA91 /* PBXContainerItemProxy */ = {
			isa = PBXContainerItemProxy;
			containerPortal = 212F51731D40AD3B001CBA91 /* Project object */;
			proxyType = 1;
			remoteGlobalIDString = 212F517A1D40AD3B001CBA91;
			remoteInfo = BWImageUtility;
		};
		212F51A01D40AD3B001CBA91 /* PBXContainerItemProxy */ = {
			isa = PBXContainerItemProxy;
			containerPortal = 212F51731D40AD3B001CBA91 /* Project object */;
			proxyType = 1;
			remoteGlobalIDString = 212F517A1D40AD3B001CBA91;
			remoteInfo = BWImageUtility;
		};
/* End PBXContainerItemProxy section */

/* Begin PBXFileReference section */
		212F517B1D40AD3B001CBA91 /* BWImageUtility.app */ = {isa = PBXFileReference; explicitFileType = wrapper.application; includeInIndex = 0; path = BWImageUtility.app; sourceTree = BUILT_PRODUCTS_DIR; };
		212F517F1D40AD3B001CBA91 /* main.m */ = {isa = PBXFileReference; lastKnownFileType = sourcecode.c.objc; path = main.m; sourceTree = "<group>"; };
		212F51811D40AD3B001CBA91 /* AppDelegate.h */ = {isa = PBXFileReference; lastKnownFileType = sourcecode.c.h; path = AppDelegate.h; sourceTree = "<group>"; };
		212F51821D40AD3B001CBA91 /* AppDelegate.m */ = {isa = PBXFileReference; lastKnownFileType = sourcecode.c.objc; path = AppDelegate.m; sourceTree = "<group>"; };
		212F518A1D40AD3B001CBA91 /* Assets.xcassets */ = {isa = PBXFileReference; lastKnownFileType = folder.assetcatalog; path = Assets.xcassets; sourceTree = "<group>"; };
		212F518D1D40AD3B001CBA91 /* Base */ = {isa = PBXFileReference; lastKnownFileType = file.storyboard; name = Base; path = Base.lproj/LaunchScreen.storyboard; sourceTree = "<group>"; };
		212F518F1D40AD3B001CBA91 /* Info.plist */ = {isa = PBXFileReference; lastKnownFileType = text.plist.xml; path = Info.plist; sourceTree = "<group>"; };
		212F51941D40AD3B001CBA91 /* BWImageUtilityTests.xctest */ = {isa = PBXFileReference; explicitFileType = wrapper.cfbundle; includeInIndex = 0; path = BWImageUtilityTests.xctest; sourceTree = BUILT_PRODUCTS_DIR; };
		212F51981D40AD3B001CBA91 /* BWImageUtilityTests.m */ = {isa = PBXFileReference; lastKnownFileType = sourcecode.c.objc; path = BWImageUtilityTests.m; sourceTree = "<group>"; };
		212F519A1D40AD3B001CBA91 /* Info.plist */ = {isa = PBXFileReference; lastKnownFileType = text.plist.xml; path = Info.plist; sourceTree = "<group>"; };
		212F519F1D40AD3B001CBA91 /* BWImageUtilityUITests.xctest */ = {isa = PBXFileReference; explicitFileType = wrapper.cfbundle; includeInIndex = 0; path = BWImageUtilityUITests.xctest; sourceTree = BUILT_PRODUCTS_DIR; };
		212F51A31D40AD3B001CBA91 /* BWImageUtilityUITests.m */ = {isa = PBXFileReference; lastKnownFileType = sourcecode.c.objc; path = BWImageUtilityUITests.m; sourceTree = "<group>"; };
		212F51A51D40AD3B001CBA91 /* Info.plist */ = {isa = PBXFileReference; lastKnownFileType = text.plist.xml; path = Info.plist; sourceTree = "<group>"; };
		54F6D4CD257DCA175E908672 /* Pods-BWImageUtility.release.xcconfig */ = {isa = PBXFileReference; includeInIndex = 1; lastKnownFileType = text.xcconfig; name = "Pods-BWImageUtility.release.xcconfig"; path = "Pods/Target Support Files/Pods-BWImageUtility/Pods-BWImageUtility.release.xcconfig"; sourceTree = "<group>"; };
		9D4DE177FDA02CA82817E12C /* Pods-BWImageUtility.debug.xcconfig */ = {isa = PBXFileReference; includeInIndex = 1; lastKnownFileType = text.xcconfig; name = "Pods-BWImageUtility.debug.xcconfig"; path = "Pods/Target Support Files/Pods-BWImageUtility/Pods-BWImageUtility.debug.xcconfig"; sourceTree = "<group>"; };
		B415BF0F31D11D1D4879FC1D /* libPods-BWImageUtility.a */ = {isa = PBXFileReference; explicitFileType = archive.ar; includeInIndex = 0; path = "libPods-BWImageUtility.a"; sourceTree = BUILT_PRODUCTS_DIR; };
		B43C27781D41A68200CC33A1 /* BWHomeViewController.h */ = {isa = PBXFileReference; fileEncoding = 4; lastKnownFileType = sourcecode.c.h; path = BWHomeViewController.h; sourceTree = "<group>"; };
		B43C27791D41A68200CC33A1 /* BWHomeViewController.m */ = {isa = PBXFileReference; fileEncoding = 4; lastKnownFileType = sourcecode.c.objc; path = BWHomeViewController.m; sourceTree = "<group>"; };
		B43C27811D41A7FC00CC33A1 /* BWImageUtilityPrefixHeader.pch */ = {isa = PBXFileReference; lastKnownFileType = sourcecode.c.h; path = BWImageUtilityPrefixHeader.pch; sourceTree = "<group>"; };
		B43C27831D41B37F00CC33A1 /* show_landscape@2x.png */ = {isa = PBXFileReference; lastKnownFileType = image.png; path = "show_landscape@2x.png"; sourceTree = "<group>"; };
		B43C27841D41B37F00CC33A1 /* show_portrait@2x.png */ = {isa = PBXFileReference; lastKnownFileType = image.png; path = "show_portrait@2x.png"; sourceTree = "<group>"; };
		B43C27881D41BB1400CC33A1 /* BWPreviewImageViewController.h */ = {isa = PBXFileReference; fileEncoding = 4; lastKnownFileType = sourcecode.c.h; path = BWPreviewImageViewController.h; sourceTree = "<group>"; };
		B43C27891D41BB1400CC33A1 /* BWPreviewImageViewController.m */ = {isa = PBXFileReference; fileEncoding = 4; lastKnownFileType = sourcecode.c.objc; path = BWPreviewImageViewController.m; sourceTree = "<group>"; };
		B43C278B1D41BB1400CC33A1 /* BMZoomingImageView.h */ = {isa = PBXFileReference; fileEncoding = 4; lastKnownFileType = sourcecode.c.h; path = BMZoomingImageView.h; sourceTree = "<group>"; };
		B43C278C1D41BB1400CC33A1 /* BMZoomingImageView.m */ = {isa = PBXFileReference; fileEncoding = 4; lastKnownFileType = sourcecode.c.objc; path = BMZoomingImageView.m; sourceTree = "<group>"; };
		B43C278F1D41BD4E00CC33A1 /* BWPreviewImageManager.h */ = {isa = PBXFileReference; fileEncoding = 4; lastKnownFileType = sourcecode.c.h; path = BWPreviewImageManager.h; sourceTree = "<group>"; };
		B43C27901D41BD4E00CC33A1 /* BWPreviewImageManager.m */ = {isa = PBXFileReference; fileEncoding = 4; lastKnownFileType = sourcecode.c.objc; path = BWPreviewImageManager.m; sourceTree = "<group>"; };
		B43C27921D41C81900CC33A1 /* README.md */ = {isa = PBXFileReference; fileEncoding = 4; lastKnownFileType = net.daringfireball.markdown; path = README.md; sourceTree = SOURCE_ROOT; };
		B43C27971D41D03600CC33A1 /* BWAlbumImagesViewController.h */ = {isa = PBXFileReference; fileEncoding = 4; lastKnownFileType = sourcecode.c.h; path = BWAlbumImagesViewController.h; sourceTree = "<group>"; };
		B43C27981D41D03600CC33A1 /* BWAlbumImagesViewController.m */ = {isa = PBXFileReference; fileEncoding = 4; lastKnownFileType = sourcecode.c.objc; path = BWAlbumImagesViewController.m; sourceTree = "<group>"; };
		B43C279C1D41D0BC00CC33A1 /* BWBaseViewController.h */ = {isa = PBXFileReference; fileEncoding = 4; lastKnownFileType = sourcecode.c.h; path = BWBaseViewController.h; sourceTree = "<group>"; };
		B43C279D1D41D0BC00CC33A1 /* BWBaseViewController.m */ = {isa = PBXFileReference; fileEncoding = 4; lastKnownFileType = sourcecode.c.objc; path = BWBaseViewController.m; sourceTree = "<group>"; };
		B43C279F1D41D0FE00CC33A1 /* BWImageSelectionViewController.h */ = {isa = PBXFileReference; fileEncoding = 4; lastKnownFileType = sourcecode.c.h; path = BWImageSelectionViewController.h; sourceTree = "<group>"; };
		B43C27A01D41D0FE00CC33A1 /* BWImageSelectionViewController.m */ = {isa = PBXFileReference; fileEncoding = 4; lastKnownFileType = sourcecode.c.objc; path = BWImageSelectionViewController.m; sourceTree = "<group>"; };
		B43C27A21D41D19400CC33A1 /* BWImageSelectionViewController.xib */ = {isa = PBXFileReference; fileEncoding = 4; lastKnownFileType = file.xib; path = BWImageSelectionViewController.xib; sourceTree = "<group>"; };
		B43C27A41D41FEF200CC33A1 /* BWAlbumImagesViewController.xib */ = {isa = PBXFileReference; fileEncoding = 4; lastKnownFileType = file.xib; path = BWAlbumImagesViewController.xib; sourceTree = "<group>"; };
		B43C27A61D4206F800CC33A1 /* BWWebImageViewController.h */ = {isa = PBXFileReference; fileEncoding = 4; lastKnownFileType = sourcecode.c.h; path = BWWebImageViewController.h; sourceTree = "<group>"; };
		B43C27A71D4206F800CC33A1 /* BWWebImageViewController.m */ = {isa = PBXFileReference; fileEncoding = 4; lastKnownFileType = sourcecode.c.objc; path = BWWebImageViewController.m; sourceTree = "<group>"; };
		B43C27A81D4206F800CC33A1 /* BWWebImageViewController.xib */ = {isa = PBXFileReference; fileEncoding = 4; lastKnownFileType = file.xib; path = BWWebImageViewController.xib; sourceTree = "<group>"; };
		B43C27BA1D421B3500CC33A1 /* UIImage+ZLPhotoLib.h */ = {isa = PBXFileReference; fileEncoding = 4; lastKnownFileType = sourcecode.c.h; path = "UIImage+ZLPhotoLib.h"; sourceTree = "<group>"; };
		B43C27BB1D421B3500CC33A1 /* UIImage+ZLPhotoLib.m */ = {isa = PBXFileReference; fileEncoding = 4; lastKnownFileType = sourcecode.c.objc; path = "UIImage+ZLPhotoLib.m"; sourceTree = "<group>"; };
		B43C27BC1D421B3500CC33A1 /* UIView+ZLExtension.h */ = {isa = PBXFileReference; fileEncoding = 4; lastKnownFileType = sourcecode.c.h; path = "UIView+ZLExtension.h"; sourceTree = "<group>"; };
		B43C27BD1D421B3500CC33A1 /* UIView+ZLExtension.m */ = {isa = PBXFileReference; fileEncoding = 4; lastKnownFileType = sourcecode.c.objc; path = "UIView+ZLExtension.m"; sourceTree = "<group>"; };
		B43C27C01D421B3500CC33A1 /* ZLPhoto.h */ = {isa = PBXFileReference; fileEncoding = 4; lastKnownFileType = sourcecode.c.h; path = ZLPhoto.h; sourceTree = "<group>"; };
		B43C27C31D421B3500CC33A1 /* ZLPhotoPickerBrowserPhoto.h */ = {isa = PBXFileReference; fileEncoding = 4; lastKnownFileType = sourcecode.c.h; path = ZLPhotoPickerBrowserPhoto.h; sourceTree = "<group>"; };
		B43C27C41D421B3500CC33A1 /* ZLPhotoPickerBrowserPhoto.m */ = {isa = PBXFileReference; fileEncoding = 4; lastKnownFileType = sourcecode.c.objc; path = ZLPhotoPickerBrowserPhoto.m; sourceTree = "<group>"; };
		B43C27C51D421B3500CC33A1 /* ZLPhotoRect.h */ = {isa = PBXFileReference; fileEncoding = 4; lastKnownFileType = sourcecode.c.h; path = ZLPhotoRect.h; sourceTree = "<group>"; };
		B43C27C61D421B3500CC33A1 /* ZLPhotoRect.m */ = {isa = PBXFileReference; fileEncoding = 4; lastKnownFileType = sourcecode.c.objc; path = ZLPhotoRect.m; sourceTree = "<group>"; };
		B43C27C81D421B3500CC33A1 /* ZLPhotoPickerBrowserViewController+SignlePhotoBrowser.h */ = {isa = PBXFileReference; fileEncoding = 4; lastKnownFileType = sourcecode.c.h; path = "ZLPhotoPickerBrowserViewController+SignlePhotoBrowser.h"; sourceTree = "<group>"; };
		B43C27C91D421B3500CC33A1 /* ZLPhotoPickerBrowserViewController+SignlePhotoBrowser.m */ = {isa = PBXFileReference; fileEncoding = 4; lastKnownFileType = sourcecode.c.objc; path = "ZLPhotoPickerBrowserViewController+SignlePhotoBrowser.m"; sourceTree = "<group>"; };
		B43C27CA1D421B3500CC33A1 /* ZLPhotoPickerBrowserViewController.h */ = {isa = PBXFileReference; fileEncoding = 4; lastKnownFileType = sourcecode.c.h; path = ZLPhotoPickerBrowserViewController.h; sourceTree = "<group>"; };
		B43C27CB1D421B3500CC33A1 /* ZLPhotoPickerBrowserViewController.m */ = {isa = PBXFileReference; fileEncoding = 4; lastKnownFileType = sourcecode.c.objc; path = ZLPhotoPickerBrowserViewController.m; sourceTree = "<group>"; };
		B43C27CD1D421B3500CC33A1 /* ZLPhotoPickerBrowserPhotoImageView.h */ = {isa = PBXFileReference; fileEncoding = 4; lastKnownFileType = sourcecode.c.h; path = ZLPhotoPickerBrowserPhotoImageView.h; sourceTree = "<group>"; };
		B43C27CE1D421B3500CC33A1 /* ZLPhotoPickerBrowserPhotoImageView.m */ = {isa = PBXFileReference; fileEncoding = 4; lastKnownFileType = sourcecode.c.objc; path = ZLPhotoPickerBrowserPhotoImageView.m; sourceTree = "<group>"; };
		B43C27CF1D421B3500CC33A1 /* ZLPhotoPickerBrowserPhotoScrollView.h */ = {isa = PBXFileReference; fileEncoding = 4; lastKnownFileType = sourcecode.c.h; path = ZLPhotoPickerBrowserPhotoScrollView.h; sourceTree = "<group>"; };
		B43C27D01D421B3500CC33A1 /* ZLPhotoPickerBrowserPhotoScrollView.m */ = {isa = PBXFileReference; fileEncoding = 4; lastKnownFileType = sourcecode.c.objc; path = ZLPhotoPickerBrowserPhotoScrollView.m; sourceTree = "<group>"; };
		B43C27D11D421B3500CC33A1 /* ZLPhotoPickerBrowserPhotoView.h */ = {isa = PBXFileReference; fileEncoding = 4; lastKnownFileType = sourcecode.c.h; path = ZLPhotoPickerBrowserPhotoView.h; sourceTree = "<group>"; };
		B43C27D21D421B3500CC33A1 /* ZLPhotoPickerBrowserPhotoView.m */ = {isa = PBXFileReference; fileEncoding = 4; lastKnownFileType = sourcecode.c.objc; path = ZLPhotoPickerBrowserPhotoView.m; sourceTree = "<group>"; };
		B43C27D31D421B3500CC33A1 /* ZLPhotoPickerCustomToolBarView.h */ = {isa = PBXFileReference; fileEncoding = 4; lastKnownFileType = sourcecode.c.h; path = ZLPhotoPickerCustomToolBarView.h; sourceTree = "<group>"; };
		B43C27D41D421B3500CC33A1 /* ZLPhotoPickerCustomToolBarView.m */ = {isa = PBXFileReference; fileEncoding = 4; lastKnownFileType = sourcecode.c.objc; path = ZLPhotoPickerCustomToolBarView.m; sourceTree = "<group>"; };
		B43C27D71D421B3500CC33A1 /* ZLPhotoAssets.h */ = {isa = PBXFileReference; fileEncoding = 4; lastKnownFileType = sourcecode.c.h; path = ZLPhotoAssets.h; sourceTree = "<group>"; };
		B43C27D81D421B3500CC33A1 /* ZLPhotoAssets.m */ = {isa = PBXFileReference; fileEncoding = 4; lastKnownFileType = sourcecode.c.objc; path = ZLPhotoAssets.m; sourceTree = "<group>"; };
		B43C27D91D421B3500CC33A1 /* ZLPhotoPickerDatas.h */ = {isa = PBXFileReference; fileEncoding = 4; lastKnownFileType = sourcecode.c.h; path = ZLPhotoPickerDatas.h; sourceTree = "<group>"; };
		B43C27DA1D421B3500CC33A1 /* ZLPhotoPickerDatas.m */ = {isa = PBXFileReference; fileEncoding = 4; lastKnownFileType = sourcecode.c.objc; path = ZLPhotoPickerDatas.m; sourceTree = "<group>"; };
		B43C27DB1D421B3500CC33A1 /* ZLPhotoPickerGroup.h */ = {isa = PBXFileReference; fileEncoding = 4; lastKnownFileType = sourcecode.c.h; path = ZLPhotoPickerGroup.h; sourceTree = "<group>"; };
		B43C27DC1D421B3500CC33A1 /* ZLPhotoPickerGroup.m */ = {isa = PBXFileReference; fileEncoding = 4; lastKnownFileType = sourcecode.c.objc; path = ZLPhotoPickerGroup.m; sourceTree = "<group>"; };
		B43C27DE1D421B3500CC33A1 /* UIViewController+Alert.h */ = {isa = PBXFileReference; fileEncoding = 4; lastKnownFileType = sourcecode.c.h; path = "UIViewController+Alert.h"; sourceTree = "<group>"; };
		B43C27DF1D421B3500CC33A1 /* UIViewController+Alert.m */ = {isa = PBXFileReference; fileEncoding = 4; lastKnownFileType = sourcecode.c.objc; path = "UIViewController+Alert.m"; sourceTree = "<group>"; };
		B43C27E01D421B3500CC33A1 /* ZLNavigationController.h */ = {isa = PBXFileReference; fileEncoding = 4; lastKnownFileType = sourcecode.c.h; path = ZLNavigationController.h; sourceTree = "<group>"; };
		B43C27E11D421B3500CC33A1 /* ZLNavigationController.m */ = {isa = PBXFileReference; fileEncoding = 4; lastKnownFileType = sourcecode.c.objc; path = ZLNavigationController.m; sourceTree = "<group>"; };
		B43C27E21D421B3500CC33A1 /* ZLPhotoPickerAssetsViewController.h */ = {isa = PBXFileReference; fileEncoding = 4; lastKnownFileType = sourcecode.c.h; path = ZLPhotoPickerAssetsViewController.h; sourceTree = "<group>"; };
		B43C27E31D421B3500CC33A1 /* ZLPhotoPickerAssetsViewController.m */ = {isa = PBXFileReference; fileEncoding = 4; lastKnownFileType = sourcecode.c.objc; path = ZLPhotoPickerAssetsViewController.m; sourceTree = "<group>"; };
		B43C27E41D421B3500CC33A1 /* ZLPhotoPickerGroupViewController.h */ = {isa = PBXFileReference; fileEncoding = 4; lastKnownFileType = sourcecode.c.h; path = ZLPhotoPickerGroupViewController.h; sourceTree = "<group>"; };
		B43C27E51D421B3500CC33A1 /* ZLPhotoPickerGroupViewController.m */ = {isa = PBXFileReference; fileEncoding = 4; lastKnownFileType = sourcecode.c.objc; path = ZLPhotoPickerGroupViewController.m; sourceTree = "<group>"; };
		B43C27E61D421B3500CC33A1 /* ZLPhotoPickerViewController.h */ = {isa = PBXFileReference; fileEncoding = 4; lastKnownFileType = sourcecode.c.h; path = ZLPhotoPickerViewController.h; sourceTree = "<group>"; };
		B43C27E71D421B3500CC33A1 /* ZLPhotoPickerViewController.m */ = {isa = PBXFileReference; fileEncoding = 4; lastKnownFileType = sourcecode.c.objc; path = ZLPhotoPickerViewController.m; sourceTree = "<group>"; };
		B43C27E91D421B3500CC33A1 /* ZLPhotoPickerCollectionView.h */ = {isa = PBXFileReference; fileEncoding = 4; lastKnownFileType = sourcecode.c.h; path = ZLPhotoPickerCollectionView.h; sourceTree = "<group>"; };
		B43C27EA1D421B3500CC33A1 /* ZLPhotoPickerCollectionView.m */ = {isa = PBXFileReference; fileEncoding = 4; lastKnownFileType = sourcecode.c.objc; path = ZLPhotoPickerCollectionView.m; sourceTree = "<group>"; };
		B43C27EB1D421B3500CC33A1 /* ZLPhotoPickerCollectionViewCell.h */ = {isa = PBXFileReference; fileEncoding = 4; lastKnownFileType = sourcecode.c.h; path = ZLPhotoPickerCollectionViewCell.h; sourceTree = "<group>"; };
		B43C27EC1D421B3500CC33A1 /* ZLPhotoPickerCollectionViewCell.m */ = {isa = PBXFileReference; fileEncoding = 4; lastKnownFileType = sourcecode.c.objc; path = ZLPhotoPickerCollectionViewCell.m; sourceTree = "<group>"; };
		B43C27ED1D421B3500CC33A1 /* ZLPhotoPickerFooterCollectionReusableView.h */ = {isa = PBXFileReference; fileEncoding = 4; lastKnownFileType = sourcecode.c.h; path = ZLPhotoPickerFooterCollectionReusableView.h; sourceTree = "<group>"; };
		B43C27EE1D421B3500CC33A1 /* ZLPhotoPickerFooterCollectionReusableView.m */ = {isa = PBXFileReference; fileEncoding = 4; lastKnownFileType = sourcecode.c.objc; path = ZLPhotoPickerFooterCollectionReusableView.m; sourceTree = "<group>"; };
		B43C27EF1D421B3500CC33A1 /* ZLPhotoPickerGroupTableViewCell.h */ = {isa = PBXFileReference; fileEncoding = 4; lastKnownFileType = sourcecode.c.h; path = ZLPhotoPickerGroupTableViewCell.h; sourceTree = "<group>"; };
		B43C27F01D421B3500CC33A1 /* ZLPhotoPickerGroupTableViewCell.m */ = {isa = PBXFileReference; fileEncoding = 4; lastKnownFileType = sourcecode.c.objc; path = ZLPhotoPickerGroupTableViewCell.m; sourceTree = "<group>"; };
		B43C27F11D421B3500CC33A1 /* ZLPhotoPickerImageView.h */ = {isa = PBXFileReference; fileEncoding = 4; lastKnownFileType = sourcecode.c.h; path = ZLPhotoPickerImageView.h; sourceTree = "<group>"; };
		B43C27F21D421B3500CC33A1 /* ZLPhotoPickerImageView.m */ = {isa = PBXFileReference; fileEncoding = 4; lastKnownFileType = sourcecode.c.objc; path = ZLPhotoPickerImageView.m; sourceTree = "<group>"; };
		B43C27F31D421B3500CC33A1 /* ZLPhotoPickerCommon.h */ = {isa = PBXFileReference; fileEncoding = 4; lastKnownFileType = sourcecode.c.h; path = ZLPhotoPickerCommon.h; sourceTree = "<group>"; };
		B43C27F41D421B3500CC33A1 /* ZLPhotoLib.bundle */ = {isa = PBXFileReference; lastKnownFileType = "wrapper.plug-in"; path = ZLPhotoLib.bundle; sourceTree = "<group>"; };
		B43C280E1D421B6300CC33A1 /* DACircularProgressView.h */ = {isa = PBXFileReference; fileEncoding = 4; lastKnownFileType = sourcecode.c.h; path = DACircularProgressView.h; sourceTree = "<group>"; };
		B43C280F1D421B6300CC33A1 /* DACircularProgressView.m */ = {isa = PBXFileReference; fileEncoding = 4; lastKnownFileType = sourcecode.c.objc; path = DACircularProgressView.m; sourceTree = "<group>"; };
		B43C28101D421B6300CC33A1 /* DALabeledCircularProgressView.h */ = {isa = PBXFileReference; fileEncoding = 4; lastKnownFileType = sourcecode.c.h; path = DALabeledCircularProgressView.h; sourceTree = "<group>"; };
		B43C28111D421B6300CC33A1 /* DALabeledCircularProgressView.m */ = {isa = PBXFileReference; fileEncoding = 4; lastKnownFileType = sourcecode.c.objc; path = DALabeledCircularProgressView.m; sourceTree = "<group>"; };
/* End PBXFileReference section */

/* Begin PBXFrameworksBuildPhase section */
		212F51781D40AD3B001CBA91 /* Frameworks */ = {
			isa = PBXFrameworksBuildPhase;
			buildActionMask = 2147483647;
			files = (
				C6B34B25118F0EE73FB888A7 /* libPods-BWImageUtility.a in Frameworks */,
			);
			runOnlyForDeploymentPostprocessing = 0;
		};
		212F51911D40AD3B001CBA91 /* Frameworks */ = {
			isa = PBXFrameworksBuildPhase;
			buildActionMask = 2147483647;
			files = (
			);
			runOnlyForDeploymentPostprocessing = 0;
		};
		212F519C1D40AD3B001CBA91 /* Frameworks */ = {
			isa = PBXFrameworksBuildPhase;
			buildActionMask = 2147483647;
			files = (
			);
			runOnlyForDeploymentPostprocessing = 0;
		};
/* End PBXFrameworksBuildPhase section */

/* Begin PBXGroup section */
		212F51721D40AD3B001CBA91 = {
			isa = PBXGroup;
			children = (
				212F517D1D40AD3B001CBA91 /* BWImageUtility */,
				212F51971D40AD3B001CBA91 /* BWImageUtilityTests */,
				212F51A21D40AD3B001CBA91 /* BWImageUtilityUITests */,
				212F517C1D40AD3B001CBA91 /* Products */,
				A6B13011B813D204C56B0649 /* Pods */,
				930D2152C0A672FC82075D11 /* Frameworks */,
			);
			sourceTree = "<group>";
		};
		212F517C1D40AD3B001CBA91 /* Products */ = {
			isa = PBXGroup;
			children = (
				212F517B1D40AD3B001CBA91 /* BWImageUtility.app */,
				212F51941D40AD3B001CBA91 /* BWImageUtilityTests.xctest */,
				212F519F1D40AD3B001CBA91 /* BWImageUtilityUITests.xctest */,
			);
			name = Products;
			sourceTree = "<group>";
		};
		212F517D1D40AD3B001CBA91 /* BWImageUtility */ = {
			isa = PBXGroup;
			children = (
				B43C27921D41C81900CC33A1 /* README.md */,
				212F51811D40AD3B001CBA91 /* AppDelegate.h */,
				212F51821D40AD3B001CBA91 /* AppDelegate.m */,
				B4815FE51D40CD6100118586 /* MVC */,
				B43C27821D41B37F00CC33A1 /* Image */,
				B43C27B51D421B3500CC33A1 /* Library */,
				212F518A1D40AD3B001CBA91 /* Assets.xcassets */,
				212F517E1D40AD3B001CBA91 /* Supporting Files */,
			);
			path = BWImageUtility;
			sourceTree = "<group>";
		};
		212F517E1D40AD3B001CBA91 /* Supporting Files */ = {
			isa = PBXGroup;
			children = (
				212F517F1D40AD3B001CBA91 /* main.m */,
				212F518F1D40AD3B001CBA91 /* Info.plist */,
				212F518C1D40AD3B001CBA91 /* LaunchScreen.storyboard */,
				B43C27811D41A7FC00CC33A1 /* BWImageUtilityPrefixHeader.pch */,
			);
			name = "Supporting Files";
			sourceTree = "<group>";
		};
		212F51971D40AD3B001CBA91 /* BWImageUtilityTests */ = {
			isa = PBXGroup;
			children = (
				212F51981D40AD3B001CBA91 /* BWImageUtilityTests.m */,
				212F519A1D40AD3B001CBA91 /* Info.plist */,
			);
			path = BWImageUtilityTests;
			sourceTree = "<group>";
		};
		212F51A21D40AD3B001CBA91 /* BWImageUtilityUITests */ = {
			isa = PBXGroup;
			children = (
				212F51A31D40AD3B001CBA91 /* BWImageUtilityUITests.m */,
				212F51A51D40AD3B001CBA91 /* Info.plist */,
			);
			path = BWImageUtilityUITests;
			sourceTree = "<group>";
		};
		930D2152C0A672FC82075D11 /* Frameworks */ = {
			isa = PBXGroup;
			children = (
				B415BF0F31D11D1D4879FC1D /* libPods-BWImageUtility.a */,
			);
			name = Frameworks;
			sourceTree = "<group>";
		};
		A6B13011B813D204C56B0649 /* Pods */ = {
			isa = PBXGroup;
			children = (
				9D4DE177FDA02CA82817E12C /* Pods-BWImageUtility.debug.xcconfig */,
				54F6D4CD257DCA175E908672 /* Pods-BWImageUtility.release.xcconfig */,
			);
			name = Pods;
			sourceTree = "<group>";
		};
		B43C27821D41B37F00CC33A1 /* Image */ = {
			isa = PBXGroup;
			children = (
				B43C27831D41B37F00CC33A1 /* show_landscape@2x.png */,
				B43C27841D41B37F00CC33A1 /* show_portrait@2x.png */,
			);
			path = Image;
			sourceTree = "<group>";
		};
		B43C27871D41BB1400CC33A1 /* Controller */ = {
			isa = PBXGroup;
			children = (
				B43C27881D41BB1400CC33A1 /* BWPreviewImageViewController.h */,
				B43C27891D41BB1400CC33A1 /* BWPreviewImageViewController.m */,
			);
			path = Controller;
			sourceTree = "<group>";
		};
		B43C278A1D41BB1400CC33A1 /* PreviewImageManager */ = {
			isa = PBXGroup;
			children = (
				B43C278F1D41BD4E00CC33A1 /* BWPreviewImageManager.h */,
				B43C27901D41BD4E00CC33A1 /* BWPreviewImageManager.m */,
				B43C278B1D41BB1400CC33A1 /* BMZoomingImageView.h */,
				B43C278C1D41BB1400CC33A1 /* BMZoomingImageView.m */,
			);
			path = PreviewImageManager;
			sourceTree = "<group>";
		};
		B43C27941D41CE0000CC33A1 /* WebImage */ = {
			isa = PBXGroup;
			children = (
				B43C27A61D4206F800CC33A1 /* BWWebImageViewController.h */,
				B43C27A71D4206F800CC33A1 /* BWWebImageViewController.m */,
				B43C27A81D4206F800CC33A1 /* BWWebImageViewController.xib */,
			);
			path = WebImage;
			sourceTree = "<group>";
		};
		B43C27951D41D03600CC33A1 /* ImageSelection */ = {
			isa = PBXGroup;
			children = (
				B43C279F1D41D0FE00CC33A1 /* BWImageSelectionViewController.h */,
				B43C27A01D41D0FE00CC33A1 /* BWImageSelectionViewController.m */,
				B43C27A21D41D19400CC33A1 /* BWImageSelectionViewController.xib */,
				B43C27991D41D03600CC33A1 /* Single */,
				B43C27961D41D03600CC33A1 /* Album */,
			);
			path = ImageSelection;
			sourceTree = "<group>";
		};
		B43C27961D41D03600CC33A1 /* Album */ = {
			isa = PBXGroup;
			children = (
				B43C27971D41D03600CC33A1 /* BWAlbumImagesViewController.h */,
				B43C27981D41D03600CC33A1 /* BWAlbumImagesViewController.m */,
				B43C27A41D41FEF200CC33A1 /* BWAlbumImagesViewController.xib */,
			);
			path = Album;
			sourceTree = "<group>";
		};
		B43C27991D41D03600CC33A1 /* Single */ = {
			isa = PBXGroup;
			children = (
			);
			path = Single;
			sourceTree = "<group>";
		};
		B43C279B1D41D0AF00CC33A1 /* BaseViewController */ = {
			isa = PBXGroup;
			children = (
				B43C279C1D41D0BC00CC33A1 /* BWBaseViewController.h */,
				B43C279D1D41D0BC00CC33A1 /* BWBaseViewController.m */,
			);
			path = BaseViewController;
			sourceTree = "<group>";
		};
		B43C27B51D421B3500CC33A1 /* Library */ = {
			isa = PBXGroup;
			children = (
				B43C27B61D421B3500CC33A1 /* ZLPhotoLib */,
				B43C280D1D421B6300CC33A1 /* DACircularProgress */,
			);
			path = Library;
			sourceTree = "<group>";
		};
		B43C27B61D421B3500CC33A1 /* ZLPhotoLib */ = {
			isa = PBXGroup;
			children = (
				B43C27B71D421B3500CC33A1 /* Classes */,
				B43C27F41D421B3500CC33A1 /* ZLPhotoLib.bundle */,
			);
			path = ZLPhotoLib;
			sourceTree = "<group>";
		};
		B43C27B71D421B3500CC33A1 /* Classes */ = {
			isa = PBXGroup;
			children = (
				B43C27B81D421B3500CC33A1 /* Utils */,
				B43C27C01D421B3500CC33A1 /* ZLPhoto.h */,
				B43C27C11D421B3500CC33A1 /* ZLPhotoBrowser */,
				B43C27D51D421B3500CC33A1 /* ZLPhotoPicker */,
				B43C27F31D421B3500CC33A1 /* ZLPhotoPickerCommon.h */,
			);
			path = Classes;
			sourceTree = "<group>";
		};
		B43C27B81D421B3500CC33A1 /* Utils */ = {
			isa = PBXGroup;
			children = (
				B43C27B91D421B3500CC33A1 /* Category */,
				B43C27BE1D421B3500CC33A1 /* Resource */,
				B43C27BF1D421B3500CC33A1 /* Views */,
			);
			path = Utils;
			sourceTree = "<group>";
		};
		B43C27B91D421B3500CC33A1 /* Category */ = {
			isa = PBXGroup;
			children = (
				B43C27BA1D421B3500CC33A1 /* UIImage+ZLPhotoLib.h */,
				B43C27BB1D421B3500CC33A1 /* UIImage+ZLPhotoLib.m */,
				B43C27BC1D421B3500CC33A1 /* UIView+ZLExtension.h */,
				B43C27BD1D421B3500CC33A1 /* UIView+ZLExtension.m */,
			);
			path = Category;
			sourceTree = "<group>";
		};
		B43C27BE1D421B3500CC33A1 /* Resource */ = {
			isa = PBXGroup;
			children = (
			);
			path = Resource;
			sourceTree = "<group>";
		};
		B43C27BF1D421B3500CC33A1 /* Views */ = {
			isa = PBXGroup;
			children = (
			);
			path = Views;
			sourceTree = "<group>";
		};
		B43C27C11D421B3500CC33A1 /* ZLPhotoBrowser */ = {
			isa = PBXGroup;
			children = (
				B43C27C21D421B3500CC33A1 /* Models */,
				B43C27C71D421B3500CC33A1 /* ViewControllers */,
				B43C27CC1D421B3500CC33A1 /* Views */,
			);
			path = ZLPhotoBrowser;
			sourceTree = "<group>";
		};
		B43C27C21D421B3500CC33A1 /* Models */ = {
			isa = PBXGroup;
			children = (
				B43C27C31D421B3500CC33A1 /* ZLPhotoPickerBrowserPhoto.h */,
				B43C27C41D421B3500CC33A1 /* ZLPhotoPickerBrowserPhoto.m */,
				B43C27C51D421B3500CC33A1 /* ZLPhotoRect.h */,
				B43C27C61D421B3500CC33A1 /* ZLPhotoRect.m */,
			);
			path = Models;
			sourceTree = "<group>";
		};
		B43C27C71D421B3500CC33A1 /* ViewControllers */ = {
			isa = PBXGroup;
			children = (
				B43C27C81D421B3500CC33A1 /* ZLPhotoPickerBrowserViewController+SignlePhotoBrowser.h */,
				B43C27C91D421B3500CC33A1 /* ZLPhotoPickerBrowserViewController+SignlePhotoBrowser.m */,
				B43C27CA1D421B3500CC33A1 /* ZLPhotoPickerBrowserViewController.h */,
				B43C27CB1D421B3500CC33A1 /* ZLPhotoPickerBrowserViewController.m */,
			);
			path = ViewControllers;
			sourceTree = "<group>";
		};
		B43C27CC1D421B3500CC33A1 /* Views */ = {
			isa = PBXGroup;
			children = (
				B43C27CD1D421B3500CC33A1 /* ZLPhotoPickerBrowserPhotoImageView.h */,
				B43C27CE1D421B3500CC33A1 /* ZLPhotoPickerBrowserPhotoImageView.m */,
				B43C27CF1D421B3500CC33A1 /* ZLPhotoPickerBrowserPhotoScrollView.h */,
				B43C27D01D421B3500CC33A1 /* ZLPhotoPickerBrowserPhotoScrollView.m */,
				B43C27D11D421B3500CC33A1 /* ZLPhotoPickerBrowserPhotoView.h */,
				B43C27D21D421B3500CC33A1 /* ZLPhotoPickerBrowserPhotoView.m */,
				B43C27D31D421B3500CC33A1 /* ZLPhotoPickerCustomToolBarView.h */,
				B43C27D41D421B3500CC33A1 /* ZLPhotoPickerCustomToolBarView.m */,
			);
			path = Views;
			sourceTree = "<group>";
		};
		B43C27D51D421B3500CC33A1 /* ZLPhotoPicker */ = {
			isa = PBXGroup;
			children = (
				B43C27D61D421B3500CC33A1 /* Models */,
				B43C27DD1D421B3500CC33A1 /* ViewControllers */,
				B43C27E81D421B3500CC33A1 /* Views */,
			);
			path = ZLPhotoPicker;
			sourceTree = "<group>";
		};
		B43C27D61D421B3500CC33A1 /* Models */ = {
			isa = PBXGroup;
			children = (
				B43C27D71D421B3500CC33A1 /* ZLPhotoAssets.h */,
				B43C27D81D421B3500CC33A1 /* ZLPhotoAssets.m */,
				B43C27D91D421B3500CC33A1 /* ZLPhotoPickerDatas.h */,
				B43C27DA1D421B3500CC33A1 /* ZLPhotoPickerDatas.m */,
				B43C27DB1D421B3500CC33A1 /* ZLPhotoPickerGroup.h */,
				B43C27DC1D421B3500CC33A1 /* ZLPhotoPickerGroup.m */,
			);
			path = Models;
			sourceTree = "<group>";
		};
		B43C27DD1D421B3500CC33A1 /* ViewControllers */ = {
			isa = PBXGroup;
			children = (
				B43C27DE1D421B3500CC33A1 /* UIViewController+Alert.h */,
				B43C27DF1D421B3500CC33A1 /* UIViewController+Alert.m */,
				B43C27E01D421B3500CC33A1 /* ZLNavigationController.h */,
				B43C27E11D421B3500CC33A1 /* ZLNavigationController.m */,
				B43C27E21D421B3500CC33A1 /* ZLPhotoPickerAssetsViewController.h */,
				B43C27E31D421B3500CC33A1 /* ZLPhotoPickerAssetsViewController.m */,
				B43C27E41D421B3500CC33A1 /* ZLPhotoPickerGroupViewController.h */,
				B43C27E51D421B3500CC33A1 /* ZLPhotoPickerGroupViewController.m */,
				B43C27E61D421B3500CC33A1 /* ZLPhotoPickerViewController.h */,
				B43C27E71D421B3500CC33A1 /* ZLPhotoPickerViewController.m */,
			);
			path = ViewControllers;
			sourceTree = "<group>";
		};
		B43C27E81D421B3500CC33A1 /* Views */ = {
			isa = PBXGroup;
			children = (
				B43C27E91D421B3500CC33A1 /* ZLPhotoPickerCollectionView.h */,
				B43C27EA1D421B3500CC33A1 /* ZLPhotoPickerCollectionView.m */,
				B43C27EB1D421B3500CC33A1 /* ZLPhotoPickerCollectionViewCell.h */,
				B43C27EC1D421B3500CC33A1 /* ZLPhotoPickerCollectionViewCell.m */,
				B43C27ED1D421B3500CC33A1 /* ZLPhotoPickerFooterCollectionReusableView.h */,
				B43C27EE1D421B3500CC33A1 /* ZLPhotoPickerFooterCollectionReusableView.m */,
				B43C27EF1D421B3500CC33A1 /* ZLPhotoPickerGroupTableViewCell.h */,
				B43C27F01D421B3500CC33A1 /* ZLPhotoPickerGroupTableViewCell.m */,
				B43C27F11D421B3500CC33A1 /* ZLPhotoPickerImageView.h */,
				B43C27F21D421B3500CC33A1 /* ZLPhotoPickerImageView.m */,
			);
			path = Views;
			sourceTree = "<group>";
		};
		B43C280D1D421B6300CC33A1 /* DACircularProgress */ = {
			isa = PBXGroup;
			children = (
				B43C280E1D421B6300CC33A1 /* DACircularProgressView.h */,
				B43C280F1D421B6300CC33A1 /* DACircularProgressView.m */,
				B43C28101D421B6300CC33A1 /* DALabeledCircularProgressView.h */,
				B43C28111D421B6300CC33A1 /* DALabeledCircularProgressView.m */,
			);
			path = DACircularProgress;
			sourceTree = "<group>";
		};
		B4815FE51D40CD6100118586 /* MVC */ = {
			isa = PBXGroup;
			children = (
				B43C279B1D41D0AF00CC33A1 /* BaseViewController */,
				B4815FE71D40CD6100118586 /* Home */,
				B4815FE81D40CD6100118586 /* PreviewImage */,
				B43C27951D41D03600CC33A1 /* ImageSelection */,
				B43C27941D41CE0000CC33A1 /* WebImage */,
			);
			path = MVC;
			sourceTree = "<group>";
		};
		B4815FE71D40CD6100118586 /* Home */ = {
			isa = PBXGroup;
			children = (
				B43C27781D41A68200CC33A1 /* BWHomeViewController.h */,
				B43C27791D41A68200CC33A1 /* BWHomeViewController.m */,
			);
			path = Home;
			sourceTree = "<group>";
		};
		B4815FE81D40CD6100118586 /* PreviewImage */ = {
			isa = PBXGroup;
			children = (
				B43C27871D41BB1400CC33A1 /* Controller */,
				B43C278A1D41BB1400CC33A1 /* PreviewImageManager */,
			);
			path = PreviewImage;
			sourceTree = "<group>";
		};
/* End PBXGroup section */

/* Begin PBXNativeTarget section */
		212F517A1D40AD3B001CBA91 /* BWImageUtility */ = {
			isa = PBXNativeTarget;
			buildConfigurationList = 212F51A81D40AD3B001CBA91 /* Build configuration list for PBXNativeTarget "BWImageUtility" */;
			buildPhases = (
				D196DF1A973083F48158AE62 /* [CP] Check Pods Manifest.lock */,
				212F51771D40AD3B001CBA91 /* Sources */,
				212F51781D40AD3B001CBA91 /* Frameworks */,
				212F51791D40AD3B001CBA91 /* Resources */,
				29D63DE303794D07D3DB8FF0 /* [CP] Embed Pods Frameworks */,
				ABB880680B03D708C48542C7 /* [CP] Copy Pods Resources */,
			);
			buildRules = (
			);
			dependencies = (
			);
			name = BWImageUtility;
			productName = BWImageUtility;
			productReference = 212F517B1D40AD3B001CBA91 /* BWImageUtility.app */;
			productType = "com.apple.product-type.application";
		};
		212F51931D40AD3B001CBA91 /* BWImageUtilityTests */ = {
			isa = PBXNativeTarget;
			buildConfigurationList = 212F51AB1D40AD3B001CBA91 /* Build configuration list for PBXNativeTarget "BWImageUtilityTests" */;
			buildPhases = (
				212F51901D40AD3B001CBA91 /* Sources */,
				212F51911D40AD3B001CBA91 /* Frameworks */,
				212F51921D40AD3B001CBA91 /* Resources */,
			);
			buildRules = (
			);
			dependencies = (
				212F51961D40AD3B001CBA91 /* PBXTargetDependency */,
			);
			name = BWImageUtilityTests;
			productName = BWImageUtilityTests;
			productReference = 212F51941D40AD3B001CBA91 /* BWImageUtilityTests.xctest */;
			productType = "com.apple.product-type.bundle.unit-test";
		};
		212F519E1D40AD3B001CBA91 /* BWImageUtilityUITests */ = {
			isa = PBXNativeTarget;
			buildConfigurationList = 212F51AE1D40AD3B001CBA91 /* Build configuration list for PBXNativeTarget "BWImageUtilityUITests" */;
			buildPhases = (
				212F519B1D40AD3B001CBA91 /* Sources */,
				212F519C1D40AD3B001CBA91 /* Frameworks */,
				212F519D1D40AD3B001CBA91 /* Resources */,
			);
			buildRules = (
			);
			dependencies = (
				212F51A11D40AD3B001CBA91 /* PBXTargetDependency */,
			);
			name = BWImageUtilityUITests;
			productName = BWImageUtilityUITests;
			productReference = 212F519F1D40AD3B001CBA91 /* BWImageUtilityUITests.xctest */;
			productType = "com.apple.product-type.bundle.ui-testing";
		};
/* End PBXNativeTarget section */

/* Begin PBXProject section */
		212F51731D40AD3B001CBA91 /* Project object */ = {
			isa = PBXProject;
			attributes = {
				LastUpgradeCheck = 0730;
				ORGANIZATIONNAME = "Bob Wong Studio";
				TargetAttributes = {
					212F517A1D40AD3B001CBA91 = {
						CreatedOnToolsVersion = 7.3;
					};
					212F51931D40AD3B001CBA91 = {
						CreatedOnToolsVersion = 7.3;
						TestTargetID = 212F517A1D40AD3B001CBA91;
					};
					212F519E1D40AD3B001CBA91 = {
						CreatedOnToolsVersion = 7.3;
						TestTargetID = 212F517A1D40AD3B001CBA91;
					};
				};
			};
			buildConfigurationList = 212F51761D40AD3B001CBA91 /* Build configuration list for PBXProject "BWImageUtility" */;
			compatibilityVersion = "Xcode 3.2";
			developmentRegion = English;
			hasScannedForEncodings = 0;
			knownRegions = (
				en,
				Base,
			);
			mainGroup = 212F51721D40AD3B001CBA91;
			productRefGroup = 212F517C1D40AD3B001CBA91 /* Products */;
			projectDirPath = "";
			projectRoot = "";
			targets = (
				212F517A1D40AD3B001CBA91 /* BWImageUtility */,
				212F51931D40AD3B001CBA91 /* BWImageUtilityTests */,
				212F519E1D40AD3B001CBA91 /* BWImageUtilityUITests */,
			);
		};
/* End PBXProject section */

/* Begin PBXResourcesBuildPhase section */
		212F51791D40AD3B001CBA91 /* Resources */ = {
			isa = PBXResourcesBuildPhase;
			buildActionMask = 2147483647;
			files = (
				B43C280C1D421B3500CC33A1 /* ZLPhotoLib.bundle in Resources */,
				B43C27851D41B37F00CC33A1 /* show_landscape@2x.png in Resources */,
				B43C27861D41B37F00CC33A1 /* show_portrait@2x.png in Resources */,
				B43C27AA1D4206F800CC33A1 /* BWWebImageViewController.xib in Resources */,
				212F518E1D40AD3B001CBA91 /* LaunchScreen.storyboard in Resources */,
				B43C27A51D41FEF200CC33A1 /* BWAlbumImagesViewController.xib in Resources */,
				B43C27A31D41D19400CC33A1 /* BWImageSelectionViewController.xib in Resources */,
				212F518B1D40AD3B001CBA91 /* Assets.xcassets in Resources */,
			);
			runOnlyForDeploymentPostprocessing = 0;
		};
		212F51921D40AD3B001CBA91 /* Resources */ = {
			isa = PBXResourcesBuildPhase;
			buildActionMask = 2147483647;
			files = (
			);
			runOnlyForDeploymentPostprocessing = 0;
		};
		212F519D1D40AD3B001CBA91 /* Resources */ = {
			isa = PBXResourcesBuildPhase;
			buildActionMask = 2147483647;
			files = (
			);
			runOnlyForDeploymentPostprocessing = 0;
		};
/* End PBXResourcesBuildPhase section */

/* Begin PBXShellScriptBuildPhase section */
		29D63DE303794D07D3DB8FF0 /* [CP] Embed Pods Frameworks */ = {
			isa = PBXShellScriptBuildPhase;
			buildActionMask = 2147483647;
			files = (
			);
			inputPaths = (
			);
			name = "[CP] Embed Pods Frameworks";
			outputPaths = (
			);
			runOnlyForDeploymentPostprocessing = 0;
			shellPath = /bin/sh;
			shellScript = "\"${SRCROOT}/Pods/Target Support Files/Pods-BWImageUtility/Pods-BWImageUtility-frameworks.sh\"\n";
			showEnvVarsInLog = 0;
		};
		ABB880680B03D708C48542C7 /* [CP] Copy Pods Resources */ = {
			isa = PBXShellScriptBuildPhase;
			buildActionMask = 2147483647;
			files = (
			);
			inputPaths = (
			);
			name = "[CP] Copy Pods Resources";
			outputPaths = (
			);
			runOnlyForDeploymentPostprocessing = 0;
			shellPath = /bin/sh;
			shellScript = "\"${SRCROOT}/Pods/Target Support Files/Pods-BWImageUtility/Pods-BWImageUtility-resources.sh\"\n";
			showEnvVarsInLog = 0;
		};
		D196DF1A973083F48158AE62 /* [CP] Check Pods Manifest.lock */ = {
			isa = PBXShellScriptBuildPhase;
			buildActionMask = 2147483647;
			files = (
			);
			inputPaths = (
			);
			name = "[CP] Check Pods Manifest.lock";
			outputPaths = (
			);
			runOnlyForDeploymentPostprocessing = 0;
			shellPath = /bin/sh;
			shellScript = "diff \"${PODS_ROOT}/../Podfile.lock\" \"${PODS_ROOT}/Manifest.lock\" > /dev/null\nif [[ $? != 0 ]] ; then\n    cat << EOM\nerror: The sandbox is not in sync with the Podfile.lock. Run 'pod install' or update your CocoaPods installation.\nEOM\n    exit 1\nfi\n";
			showEnvVarsInLog = 0;
		};
/* End PBXShellScriptBuildPhase section */

/* Begin PBXSourcesBuildPhase section */
		212F51771D40AD3B001CBA91 /* Sources */ = {
			isa = PBXSourcesBuildPhase;
			buildActionMask = 2147483647;
			files = (
				B43C27FA1D421B3500CC33A1 /* ZLPhotoPickerBrowserViewController.m in Sources */,
				B43C27A91D4206F800CC33A1 /* BWWebImageViewController.m in Sources */,
				B43C277A1D41A68200CC33A1 /* BWHomeViewController.m in Sources */,
				B43C28021D421B3500CC33A1 /* UIViewController+Alert.m in Sources */,
				B43C28131D421B6300CC33A1 /* DALabeledCircularProgressView.m in Sources */,
				B43C27FB1D421B3500CC33A1 /* ZLPhotoPickerBrowserPhotoImageView.m in Sources */,
				B43C27F51D421B3500CC33A1 /* UIImage+ZLPhotoLib.m in Sources */,
				B43C28041D421B3500CC33A1 /* ZLPhotoPickerAssetsViewController.m in Sources */,
				B43C28081D421B3500CC33A1 /* ZLPhotoPickerCollectionViewCell.m in Sources */,
				B43C28031D421B3500CC33A1 /* ZLNavigationController.m in Sources */,
				B43C278D1D41BB1400CC33A1 /* BWPreviewImageViewController.m in Sources */,
				B43C27FD1D421B3500CC33A1 /* ZLPhotoPickerBrowserPhotoView.m in Sources */,
				B43C27FF1D421B3500CC33A1 /* ZLPhotoAssets.m in Sources */,
				B43C28071D421B3500CC33A1 /* ZLPhotoPickerCollectionView.m in Sources */,
				B43C28121D421B6300CC33A1 /* DACircularProgressView.m in Sources */,
				B43C279A1D41D03600CC33A1 /* BWAlbumImagesViewController.m in Sources */,
				B43C280A1D421B3500CC33A1 /* ZLPhotoPickerGroupTableViewCell.m in Sources */,
				212F51831D40AD3B001CBA91 /* AppDelegate.m in Sources */,
				B43C279E1D41D0BC00CC33A1 /* BWBaseViewController.m in Sources */,
				B43C27911D41BD4E00CC33A1 /* BWPreviewImageManager.m in Sources */,
				B43C27F71D421B3500CC33A1 /* ZLPhotoPickerBrowserPhoto.m in Sources */,
				B43C278E1D41BB1400CC33A1 /* BMZoomingImageView.m in Sources */,
				B43C28061D421B3500CC33A1 /* ZLPhotoPickerViewController.m in Sources */,
				B43C28011D421B3500CC33A1 /* ZLPhotoPickerGroup.m in Sources */,
				B43C28051D421B3500CC33A1 /* ZLPhotoPickerGroupViewController.m in Sources */,
				B43C27F81D421B3500CC33A1 /* ZLPhotoRect.m in Sources */,
				B43C280B1D421B3500CC33A1 /* ZLPhotoPickerImageView.m in Sources */,
				B43C27A11D41D0FE00CC33A1 /* BWImageSelectionViewController.m in Sources */,
				B43C28001D421B3500CC33A1 /* ZLPhotoPickerDatas.m in Sources */,
				B43C27FC1D421B3500CC33A1 /* ZLPhotoPickerBrowserPhotoScrollView.m in Sources */,
				B43C27FE1D421B3500CC33A1 /* ZLPhotoPickerCustomToolBarView.m in Sources */,
				B43C28091D421B3500CC33A1 /* ZLPhotoPickerFooterCollectionReusableView.m in Sources */,
				B43C27F91D421B3500CC33A1 /* ZLPhotoPickerBrowserViewController+SignlePhotoBrowser.m in Sources */,
				B43C27F61D421B3500CC33A1 /* UIView+ZLExtension.m in Sources */,
				212F51801D40AD3B001CBA91 /* main.m in Sources */,
			);
			runOnlyForDeploymentPostprocessing = 0;
		};
		212F51901D40AD3B001CBA91 /* Sources */ = {
			isa = PBXSourcesBuildPhase;
			buildActionMask = 2147483647;
			files = (
				212F51991D40AD3B001CBA91 /* BWImageUtilityTests.m in Sources */,
			);
			runOnlyForDeploymentPostprocessing = 0;
		};
		212F519B1D40AD3B001CBA91 /* Sources */ = {
			isa = PBXSourcesBuildPhase;
			buildActionMask = 2147483647;
			files = (
				212F51A41D40AD3B001CBA91 /* BWImageUtilityUITests.m in Sources */,
			);
			runOnlyForDeploymentPostprocessing = 0;
		};
/* End PBXSourcesBuildPhase section */

/* Begin PBXTargetDependency section */
		212F51961D40AD3B001CBA91 /* PBXTargetDependency */ = {
			isa = PBXTargetDependency;
			target = 212F517A1D40AD3B001CBA91 /* BWImageUtility */;
			targetProxy = 212F51951D40AD3B001CBA91 /* PBXContainerItemProxy */;
		};
		212F51A11D40AD3B001CBA91 /* PBXTargetDependency */ = {
			isa = PBXTargetDependency;
			target = 212F517A1D40AD3B001CBA91 /* BWImageUtility */;
			targetProxy = 212F51A01D40AD3B001CBA91 /* PBXContainerItemProxy */;
		};
/* End PBXTargetDependency section */

/* Begin PBXVariantGroup section */
		212F518C1D40AD3B001CBA91 /* LaunchScreen.storyboard */ = {
			isa = PBXVariantGroup;
			children = (
				212F518D1D40AD3B001CBA91 /* Base */,
			);
			name = LaunchScreen.storyboard;
			sourceTree = "<group>";
		};
/* End PBXVariantGroup section */

/* Begin XCBuildConfiguration section */
		212F51A61D40AD3B001CBA91 /* Debug */ = {
			isa = XCBuildConfiguration;
			buildSettings = {
				ALWAYS_SEARCH_USER_PATHS = NO;
				CLANG_ANALYZER_NONNULL = YES;
				CLANG_CXX_LANGUAGE_STANDARD = "gnu++0x";
				CLANG_CXX_LIBRARY = "libc++";
				CLANG_ENABLE_MODULES = YES;
				CLANG_ENABLE_OBJC_ARC = YES;
				CLANG_WARN_BOOL_CONVERSION = YES;
				CLANG_WARN_CONSTANT_CONVERSION = YES;
				CLANG_WARN_DIRECT_OBJC_ISA_USAGE = YES_ERROR;
				CLANG_WARN_EMPTY_BODY = YES;
				CLANG_WARN_ENUM_CONVERSION = YES;
				CLANG_WARN_INT_CONVERSION = YES;
				CLANG_WARN_OBJC_ROOT_CLASS = YES_ERROR;
				CLANG_WARN_UNREACHABLE_CODE = YES;
				CLANG_WARN__DUPLICATE_METHOD_MATCH = YES;
				"CODE_SIGN_IDENTITY[sdk=iphoneos*]" = "iPhone Developer";
				COPY_PHASE_STRIP = NO;
				DEBUG_INFORMATION_FORMAT = dwarf;
				ENABLE_STRICT_OBJC_MSGSEND = YES;
				ENABLE_TESTABILITY = YES;
				GCC_C_LANGUAGE_STANDARD = gnu99;
				GCC_DYNAMIC_NO_PIC = NO;
				GCC_NO_COMMON_BLOCKS = YES;
				GCC_OPTIMIZATION_LEVEL = 0;
				GCC_PREPROCESSOR_DEFINITIONS = (
					"DEBUG=1",
					"$(inherited)",
				);
				GCC_WARN_64_TO_32_BIT_CONVERSION = YES;
				GCC_WARN_ABOUT_RETURN_TYPE = YES_ERROR;
				GCC_WARN_UNDECLARED_SELECTOR = YES;
				GCC_WARN_UNINITIALIZED_AUTOS = YES_AGGRESSIVE;
				GCC_WARN_UNUSED_FUNCTION = YES;
				GCC_WARN_UNUSED_VARIABLE = YES;
				IPHONEOS_DEPLOYMENT_TARGET = 9.3;
				MTL_ENABLE_DEBUG_INFO = YES;
				ONLY_ACTIVE_ARCH = YES;
				SDKROOT = iphoneos;
			};
			name = Debug;
		};
		212F51A71D40AD3B001CBA91 /* Release */ = {
			isa = XCBuildConfiguration;
			buildSettings = {
				ALWAYS_SEARCH_USER_PATHS = NO;
				CLANG_ANALYZER_NONNULL = YES;
				CLANG_CXX_LANGUAGE_STANDARD = "gnu++0x";
				CLANG_CXX_LIBRARY = "libc++";
				CLANG_ENABLE_MODULES = YES;
				CLANG_ENABLE_OBJC_ARC = YES;
				CLANG_WARN_BOOL_CONVERSION = YES;
				CLANG_WARN_CONSTANT_CONVERSION = YES;
				CLANG_WARN_DIRECT_OBJC_ISA_USAGE = YES_ERROR;
				CLANG_WARN_EMPTY_BODY = YES;
				CLANG_WARN_ENUM_CONVERSION = YES;
				CLANG_WARN_INT_CONVERSION = YES;
				CLANG_WARN_OBJC_ROOT_CLASS = YES_ERROR;
				CLANG_WARN_UNREACHABLE_CODE = YES;
				CLANG_WARN__DUPLICATE_METHOD_MATCH = YES;
				"CODE_SIGN_IDENTITY[sdk=iphoneos*]" = "iPhone Developer";
				COPY_PHASE_STRIP = NO;
				DEBUG_INFORMATION_FORMAT = "dwarf-with-dsym";
				ENABLE_NS_ASSERTIONS = NO;
				ENABLE_STRICT_OBJC_MSGSEND = YES;
				GCC_C_LANGUAGE_STANDARD = gnu99;
				GCC_NO_COMMON_BLOCKS = YES;
				GCC_WARN_64_TO_32_BIT_CONVERSION = YES;
				GCC_WARN_ABOUT_RETURN_TYPE = YES_ERROR;
				GCC_WARN_UNDECLARED_SELECTOR = YES;
				GCC_WARN_UNINITIALIZED_AUTOS = YES_AGGRESSIVE;
				GCC_WARN_UNUSED_FUNCTION = YES;
				GCC_WARN_UNUSED_VARIABLE = YES;
				IPHONEOS_DEPLOYMENT_TARGET = 9.3;
				MTL_ENABLE_DEBUG_INFO = NO;
				SDKROOT = iphoneos;
				VALIDATE_PRODUCT = YES;
			};
			name = Release;
		};
		212F51A91D40AD3B001CBA91 /* Debug */ = {
			isa = XCBuildConfiguration;
			baseConfigurationReference = 9D4DE177FDA02CA82817E12C /* Pods-BWImageUtility.debug.xcconfig */;
			buildSettings = {
				ASSETCATALOG_COMPILER_APPICON_NAME = AppIcon;
				GCC_PREFIX_HEADER = BWImageUtility/BWImageUtilityPrefixHeader.pch;
				INFOPLIST_FILE = BWImageUtility/Info.plist;
				IPHONEOS_DEPLOYMENT_TARGET = 7.0;
				LD_RUNPATH_SEARCH_PATHS = "$(inherited) @executable_path/Frameworks";
				PRODUCT_BUNDLE_IDENTIFIER = com.bws.BWImageUtility;
				PRODUCT_NAME = "$(TARGET_NAME)";
			};
			name = Debug;
		};
		212F51AA1D40AD3B001CBA91 /* Release */ = {
			isa = XCBuildConfiguration;
			baseConfigurationReference = 54F6D4CD257DCA175E908672 /* Pods-BWImageUtility.release.xcconfig */;
			buildSettings = {
				ASSETCATALOG_COMPILER_APPICON_NAME = AppIcon;
				GCC_PREFIX_HEADER = BWImageUtility/BWImageUtilityPrefixHeader.pch;
				INFOPLIST_FILE = BWImageUtility/Info.plist;
				IPHONEOS_DEPLOYMENT_TARGET = 7.0;
				LD_RUNPATH_SEARCH_PATHS = "$(inherited) @executable_path/Frameworks";
				PRODUCT_BUNDLE_IDENTIFIER = com.bws.BWImageUtility;
				PRODUCT_NAME = "$(TARGET_NAME)";
			};
			name = Release;
		};
		212F51AC1D40AD3B001CBA91 /* Debug */ = {
			isa = XCBuildConfiguration;
			buildSettings = {
				BUNDLE_LOADER = "$(TEST_HOST)";
				INFOPLIST_FILE = BWImageUtilityTests/Info.plist;
				LD_RUNPATH_SEARCH_PATHS = "$(inherited) @executable_path/Frameworks @loader_path/Frameworks";
				PRODUCT_BUNDLE_IDENTIFIER = com.bws.BWImageUtilityTests;
				PRODUCT_NAME = "$(TARGET_NAME)";
				TEST_HOST = "$(BUILT_PRODUCTS_DIR)/BWImageUtility.app/BWImageUtility";
			};
			name = Debug;
		};
		212F51AD1D40AD3B001CBA91 /* Release */ = {
			isa = XCBuildConfiguration;
			buildSettings = {
				BUNDLE_LOADER = "$(TEST_HOST)";
				INFOPLIST_FILE = BWImageUtilityTests/Info.plist;
				LD_RUNPATH_SEARCH_PATHS = "$(inherited) @executable_path/Frameworks @loader_path/Frameworks";
				PRODUCT_BUNDLE_IDENTIFIER = com.bws.BWImageUtilityTests;
				PRODUCT_NAME = "$(TARGET_NAME)";
				TEST_HOST = "$(BUILT_PRODUCTS_DIR)/BWImageUtility.app/BWImageUtility";
			};
			name = Release;
		};
		212F51AF1D40AD3B001CBA91 /* Debug */ = {
			isa = XCBuildConfiguration;
			buildSettings = {
				INFOPLIST_FILE = BWImageUtilityUITests/Info.plist;
				LD_RUNPATH_SEARCH_PATHS = "$(inherited) @executable_path/Frameworks @loader_path/Frameworks";
				PRODUCT_BUNDLE_IDENTIFIER = com.bws.BWImageUtilityUITests;
				PRODUCT_NAME = "$(TARGET_NAME)";
				TEST_TARGET_NAME = BWImageUtility;
			};
			name = Debug;
		};
		212F51B01D40AD3B001CBA91 /* Release */ = {
			isa = XCBuildConfiguration;
			buildSettings = {
				INFOPLIST_FILE = BWImageUtilityUITests/Info.plist;
				LD_RUNPATH_SEARCH_PATHS = "$(inherited) @executable_path/Frameworks @loader_path/Frameworks";
				PRODUCT_BUNDLE_IDENTIFIER = com.bws.BWImageUtilityUITests;
				PRODUCT_NAME = "$(TARGET_NAME)";
				TEST_TARGET_NAME = BWImageUtility;
			};
			name = Release;
		};
/* End XCBuildConfiguration section */

/* Begin XCConfigurationList section */
		212F51761D40AD3B001CBA91 /* Build configuration list for PBXProject "BWImageUtility" */ = {
			isa = XCConfigurationList;
			buildConfigurations = (
				212F51A61D40AD3B001CBA91 /* Debug */,
				212F51A71D40AD3B001CBA91 /* Release */,
			);
			defaultConfigurationIsVisible = 0;
			defaultConfigurationName = Release;
		};
		212F51A81D40AD3B001CBA91 /* Build configuration list for PBXNativeTarget "BWImageUtility" */ = {
			isa = XCConfigurationList;
			buildConfigurations = (
				212F51A91D40AD3B001CBA91 /* Debug */,
				212F51AA1D40AD3B001CBA91 /* Release */,
			);
			defaultConfigurationIsVisible = 0;
			defaultConfigurationName = Release;
		};
		212F51AB1D40AD3B001CBA91 /* Build configuration list for PBXNativeTarget "BWImageUtilityTests" */ = {
			isa = XCConfigurationList;
			buildConfigurations = (
				212F51AC1D40AD3B001CBA91 /* Debug */,
				212F51AD1D40AD3B001CBA91 /* Release */,
			);
			defaultConfigurationIsVisible = 0;
			defaultConfigurationName = Release;
		};
		212F51AE1D40AD3B001CBA91 /* Build configuration list for PBXNativeTarget "BWImageUtilityUITests" */ = {
			isa = XCConfigurationList;
			buildConfigurations = (
				212F51AF1D40AD3B001CBA91 /* Debug */,
				212F51B01D40AD3B001CBA91 /* Release */,
			);
			defaultConfigurationIsVisible = 0;
			defaultConfigurationName = Release;
		};
/* End XCConfigurationList section */
	};
	rootObject = 212F51731D40AD3B001CBA91 /* Project object */;
}
